// !$*UTF8*$!
{
	archiveVersion = 1;
	classes = {
	};
	objectVersion = 51;
	objects = {

/* Begin PBXBuildFile section */
		0440118D2537DB6900798BCD /* AudioVoicePlugin.mm in Sources */ = {isa = PBXBuildFile; fileRef = 0440118C2537DB6900798BCD /* AudioVoicePlugin.mm */; };
		044011FC2539685D00798BCD /* CGTCommonTitleView.m in Sources */ = {isa = PBXBuildFile; fileRef = 044011FB2539685D00798BCD /* CGTCommonTitleView.m */; };
		044012032539694500798BCD /* CGTTitleBarViewController.m in Sources */ = {isa = PBXBuildFile; fileRef = 044012012539694500798BCD /* CGTTitleBarViewController.m */; };
		044012042539694500798BCD /* CGTTitleBarViewController.xib in Resources */ = {isa = PBXBuildFile; fileRef = 044012022539694500798BCD /* CGTTitleBarViewController.xib */; };
		0440121F25398FE500798BCD /* CGTCustomScrollView.m in Sources */ = {isa = PBXBuildFile; fileRef = 0440121B25398FE500798BCD /* CGTCustomScrollView.m */; };
		0440122025398FE500798BCD /* CGTCustomButton.m in Sources */ = {isa = PBXBuildFile; fileRef = 0440121E25398FE500798BCD /* CGTCustomButton.m */; };
		045C63EC2536C633009F6922 /* CGTDeviceTestWindowController.m in Sources */ = {isa = PBXBuildFile; fileRef = 045C63EB2536C633009F6922 /* CGTDeviceTestWindowController.m */; };
		045C63F52536C646009F6922 /* CGTDeviceTestViewController.m in Sources */ = {isa = PBXBuildFile; fileRef = 045C63F42536C646009F6922 /* CGTDeviceTestViewController.m */; };
		045C640C25370184009F6922 /* AudioPlugin.mm in Sources */ = {isa = PBXBuildFile; fileRef = 045C640A25370184009F6922 /* AudioPlugin.mm */; };
		43C11816E38B44FB1932AEC9 /* Pods_CodeGenerationTool_CodeGenerationToolUITests.framework in Frameworks */ = {isa = PBXBuildFile; fileRef = 7157C1C24A046B11838466DE /* Pods_CodeGenerationTool_CodeGenerationToolUITests.framework */; };
		A47A75996D596E4CF449CEBC /* Pods_CodeGenerationToolTests.framework in Frameworks */ = {isa = PBXBuildFile; fileRef = 3B86CFA6999CA1026AA62E68 /* Pods_CodeGenerationToolTests.framework */; };
		D70D5F4324B0641400675E89 /* AppDelegate.m in Sources */ = {isa = PBXBuildFile; fileRef = D70D5F4224B0641400675E89 /* AppDelegate.m */; };
		D70D5F4824B0641800675E89 /* Assets.xcassets in Resources */ = {isa = PBXBuildFile; fileRef = D70D5F4724B0641800675E89 /* Assets.xcassets */; };
		D70D5F4B24B0641800675E89 /* Main.storyboard in Resources */ = {isa = PBXBuildFile; fileRef = D70D5F4924B0641800675E89 /* Main.storyboard */; };
		D70D5F4E24B0641800675E89 /* main.m in Sources */ = {isa = PBXBuildFile; fileRef = D70D5F4D24B0641800675E89 /* main.m */; };
		D70D5F5924B0641800675E89 /* CodeGenerationToolTests.m in Sources */ = {isa = PBXBuildFile; fileRef = D70D5F5824B0641800675E89 /* CodeGenerationToolTests.m */; };
		D70D5F6424B0641800675E89 /* CodeGenerationToolUITests.m in Sources */ = {isa = PBXBuildFile; fileRef = D70D5F6324B0641800675E89 /* CodeGenerationToolUITests.m */; };
		D70D5F7B24B0655D00675E89 /* CGTBaseWindowController.m in Sources */ = {isa = PBXBuildFile; fileRef = D70D5F7924B0655D00675E89 /* CGTBaseWindowController.m */; };
		D70D5F7F24B0657700675E89 /* CGTBaseViewController.m in Sources */ = {isa = PBXBuildFile; fileRef = D70D5F7E24B0657700675E89 /* CGTBaseViewController.m */; };
		D70D5F8324B0659E00675E89 /* CGTMainWindowController.m in Sources */ = {isa = PBXBuildFile; fileRef = D70D5F8224B0659E00675E89 /* CGTMainWindowController.m */; };
		D70D5F8624B065B700675E89 /* CGTMainViewController.m in Sources */ = {isa = PBXBuildFile; fileRef = D70D5F8524B065B700675E89 /* CGTMainViewController.m */; };
		D7574AA424C681D800EEEA98 /* CGTUpdateView.m in Sources */ = {isa = PBXBuildFile; fileRef = D7574AA324C681D800EEEA98 /* CGTUpdateView.m */; };
		D7574AA824C6826200EEEA98 /* CGTUpdateModelLayer.m in Sources */ = {isa = PBXBuildFile; fileRef = D7574AA724C6826200EEEA98 /* CGTUpdateModelLayer.m */; };
		D7574AE724C692CD00EEEA98 /* CGTCmdTool.m in Sources */ = {isa = PBXBuildFile; fileRef = D7574AE624C692CD00EEEA98 /* CGTCmdTool.m */; };
		D7D11797251C44270019212F /* CGTDDTableViewController.m in Sources */ = {isa = PBXBuildFile; fileRef = D7D11796251C44270019212F /* CGTDDTableViewController.m */; };
		D7D1179E251C44390019212F /* CGTDDCollectionViewController.m in Sources */ = {isa = PBXBuildFile; fileRef = D7D1179C251C44390019212F /* CGTDDCollectionViewController.m */; };
		D7D117A6251C6B050019212F /* CGTDDTableWindowController.m in Sources */ = {isa = PBXBuildFile; fileRef = D7D117A5251C6B050019212F /* CGTDDTableWindowController.m */; };
		D7D117AF251C6B1B0019212F /* CGTDDCollectionWindowController.m in Sources */ = {isa = PBXBuildFile; fileRef = D7D117AE251C6B1B0019212F /* CGTDDCollectionWindowController.m */; };
		D7D117C5251C6D7B0019212F /* CGTFrameConfig.m in Sources */ = {isa = PBXBuildFile; fileRef = D7D117C4251C6D7B0019212F /* CGTFrameConfig.m */; };
		D7D117D1251C842D0019212F /* CGTInvokeConfig.m in Sources */ = {isa = PBXBuildFile; fileRef = D7D117D0251C842D0019212F /* CGTInvokeConfig.m */; };
		D7F42C1D24B2D1B300EF1C38 /* CGTMainModelLayer.m in Sources */ = {isa = PBXBuildFile; fileRef = D7F42C1C24B2D1B300EF1C38 /* CGTMainModelLayer.m */; };
		D7F42C2124B2D1C700EF1C38 /* CGTFilePathPlistMgr.m in Sources */ = {isa = PBXBuildFile; fileRef = D7F42C2024B2D1C700EF1C38 /* CGTFilePathPlistMgr.m */; };
		E75D09A20E5E8977B0F9DF16 /* Pods_CodeGenerationTool.framework in Frameworks */ = {isa = PBXBuildFile; fileRef = B187A328932D431717A2517C /* Pods_CodeGenerationTool.framework */; };
/* End PBXBuildFile section */

/* Begin PBXContainerItemProxy section */
		D70D5F5524B0641800675E89 /* PBXContainerItemProxy */ = {
			isa = PBXContainerItemProxy;
			containerPortal = D70D5F3624B0641400675E89 /* Project object */;
			proxyType = 1;
			remoteGlobalIDString = D70D5F3D24B0641400675E89;
			remoteInfo = CodeGenerationTool;
		};
		D70D5F6024B0641800675E89 /* PBXContainerItemProxy */ = {
			isa = PBXContainerItemProxy;
			containerPortal = D70D5F3624B0641400675E89 /* Project object */;
			proxyType = 1;
			remoteGlobalIDString = D70D5F3D24B0641400675E89;
			remoteInfo = CodeGenerationTool;
		};
/* End PBXContainerItemProxy section */

/* Begin PBXFileReference section */
		0440118B2537DB6900798BCD /* AudioVoicePlugin.h */ = {isa = PBXFileReference; lastKnownFileType = sourcecode.c.h; path = AudioVoicePlugin.h; sourceTree = "<group>"; };
		0440118C2537DB6900798BCD /* AudioVoicePlugin.mm */ = {isa = PBXFileReference; lastKnownFileType = sourcecode.cpp.objcpp; path = AudioVoicePlugin.mm; sourceTree = "<group>"; };
		044011FA2539685D00798BCD /* CGTCommonTitleView.h */ = {isa = PBXFileReference; lastKnownFileType = sourcecode.c.h; path = CGTCommonTitleView.h; sourceTree = "<group>"; };
		044011FB2539685D00798BCD /* CGTCommonTitleView.m */ = {isa = PBXFileReference; lastKnownFileType = sourcecode.c.objc; path = CGTCommonTitleView.m; sourceTree = "<group>"; };
		044012002539694500798BCD /* CGTTitleBarViewController.h */ = {isa = PBXFileReference; lastKnownFileType = sourcecode.c.h; path = CGTTitleBarViewController.h; sourceTree = "<group>"; };
		044012012539694500798BCD /* CGTTitleBarViewController.m */ = {isa = PBXFileReference; lastKnownFileType = sourcecode.c.objc; path = CGTTitleBarViewController.m; sourceTree = "<group>"; };
		044012022539694500798BCD /* CGTTitleBarViewController.xib */ = {isa = PBXFileReference; lastKnownFileType = file.xib; path = CGTTitleBarViewController.xib; sourceTree = "<group>"; };
		0440121B25398FE500798BCD /* CGTCustomScrollView.m */ = {isa = PBXFileReference; fileEncoding = 4; lastKnownFileType = sourcecode.c.objc; path = CGTCustomScrollView.m; sourceTree = "<group>"; };
		0440121C25398FE500798BCD /* CGTCustomScrollView.h */ = {isa = PBXFileReference; fileEncoding = 4; lastKnownFileType = sourcecode.c.h; path = CGTCustomScrollView.h; sourceTree = "<group>"; };
		0440121D25398FE500798BCD /* CGTCustomButton.h */ = {isa = PBXFileReference; fileEncoding = 4; lastKnownFileType = sourcecode.c.h; path = CGTCustomButton.h; sourceTree = "<group>"; };
		0440121E25398FE500798BCD /* CGTCustomButton.m */ = {isa = PBXFileReference; fileEncoding = 4; lastKnownFileType = sourcecode.c.objc; path = CGTCustomButton.m; sourceTree = "<group>"; };
		045C63EA2536C633009F6922 /* CGTDeviceTestWindowController.h */ = {isa = PBXFileReference; lastKnownFileType = sourcecode.c.h; path = CGTDeviceTestWindowController.h; sourceTree = "<group>"; };
		045C63EB2536C633009F6922 /* CGTDeviceTestWindowController.m */ = {isa = PBXFileReference; lastKnownFileType = sourcecode.c.objc; path = CGTDeviceTestWindowController.m; sourceTree = "<group>"; };
		045C63F32536C646009F6922 /* CGTDeviceTestViewController.h */ = {isa = PBXFileReference; lastKnownFileType = sourcecode.c.h; path = CGTDeviceTestViewController.h; sourceTree = "<group>"; };
		045C63F42536C646009F6922 /* CGTDeviceTestViewController.m */ = {isa = PBXFileReference; lastKnownFileType = sourcecode.c.objc; path = CGTDeviceTestViewController.m; sourceTree = "<group>"; };
		045C640A25370184009F6922 /* AudioPlugin.mm */ = {isa = PBXFileReference; fileEncoding = 4; lastKnownFileType = sourcecode.cpp.objcpp; path = AudioPlugin.mm; sourceTree = "<group>"; };
		045C640B25370184009F6922 /* AudioPlugin.h */ = {isa = PBXFileReference; fileEncoding = 4; lastKnownFileType = sourcecode.c.h; path = AudioPlugin.h; sourceTree = "<group>"; };
		1C5AAB70915A693E8B031E33 /* Pods-CodeGenerationTool.release.xcconfig */ = {isa = PBXFileReference; includeInIndex = 1; lastKnownFileType = text.xcconfig; name = "Pods-CodeGenerationTool.release.xcconfig"; path = "Target Support Files/Pods-CodeGenerationTool/Pods-CodeGenerationTool.release.xcconfig"; sourceTree = "<group>"; };
		3B86CFA6999CA1026AA62E68 /* Pods_CodeGenerationToolTests.framework */ = {isa = PBXFileReference; explicitFileType = wrapper.framework; includeInIndex = 0; path = Pods_CodeGenerationToolTests.framework; sourceTree = BUILT_PRODUCTS_DIR; };
		6B30D908BD2AEBA57070A513 /* Pods-CodeGenerationTool-CodeGenerationToolUITests.release.xcconfig */ = {isa = PBXFileReference; includeInIndex = 1; lastKnownFileType = text.xcconfig; name = "Pods-CodeGenerationTool-CodeGenerationToolUITests.release.xcconfig"; path = "Target Support Files/Pods-CodeGenerationTool-CodeGenerationToolUITests/Pods-CodeGenerationTool-CodeGenerationToolUITests.release.xcconfig"; sourceTree = "<group>"; };
		714A04910DB9E1F2EDC440A1 /* Pods-CodeGenerationTool-CodeGenerationToolUITests.debug.xcconfig */ = {isa = PBXFileReference; includeInIndex = 1; lastKnownFileType = text.xcconfig; name = "Pods-CodeGenerationTool-CodeGenerationToolUITests.debug.xcconfig"; path = "Target Support Files/Pods-CodeGenerationTool-CodeGenerationToolUITests/Pods-CodeGenerationTool-CodeGenerationToolUITests.debug.xcconfig"; sourceTree = "<group>"; };
		7157C1C24A046B11838466DE /* Pods_CodeGenerationTool_CodeGenerationToolUITests.framework */ = {isa = PBXFileReference; explicitFileType = wrapper.framework; includeInIndex = 0; path = Pods_CodeGenerationTool_CodeGenerationToolUITests.framework; sourceTree = BUILT_PRODUCTS_DIR; };
		9A89E47EAFEFD119815F8FA6 /* Pods-CodeGenerationTool.debug.xcconfig */ = {isa = PBXFileReference; includeInIndex = 1; lastKnownFileType = text.xcconfig; name = "Pods-CodeGenerationTool.debug.xcconfig"; path = "Target Support Files/Pods-CodeGenerationTool/Pods-CodeGenerationTool.debug.xcconfig"; sourceTree = "<group>"; };
		B187A328932D431717A2517C /* Pods_CodeGenerationTool.framework */ = {isa = PBXFileReference; explicitFileType = wrapper.framework; includeInIndex = 0; path = Pods_CodeGenerationTool.framework; sourceTree = BUILT_PRODUCTS_DIR; };
		D70D5F3E24B0641400675E89 /* CodeGenerationTool.app */ = {isa = PBXFileReference; explicitFileType = wrapper.application; includeInIndex = 0; path = CodeGenerationTool.app; sourceTree = BUILT_PRODUCTS_DIR; };
		D70D5F4124B0641400675E89 /* AppDelegate.h */ = {isa = PBXFileReference; lastKnownFileType = sourcecode.c.h; path = AppDelegate.h; sourceTree = "<group>"; };
		D70D5F4224B0641400675E89 /* AppDelegate.m */ = {isa = PBXFileReference; lastKnownFileType = sourcecode.c.objc; path = AppDelegate.m; sourceTree = "<group>"; };
		D70D5F4724B0641800675E89 /* Assets.xcassets */ = {isa = PBXFileReference; lastKnownFileType = folder.assetcatalog; path = Assets.xcassets; sourceTree = "<group>"; };
		D70D5F4A24B0641800675E89 /* Base */ = {isa = PBXFileReference; lastKnownFileType = file.storyboard; name = Base; path = Base.lproj/Main.storyboard; sourceTree = "<group>"; };
		D70D5F4C24B0641800675E89 /* Info.plist */ = {isa = PBXFileReference; lastKnownFileType = text.plist.xml; path = Info.plist; sourceTree = "<group>"; };
		D70D5F4D24B0641800675E89 /* main.m */ = {isa = PBXFileReference; lastKnownFileType = sourcecode.c.objc; path = main.m; sourceTree = "<group>"; };
		D70D5F4F24B0641800675E89 /* CodeGenerationTool.entitlements */ = {isa = PBXFileReference; lastKnownFileType = text.plist.entitlements; path = CodeGenerationTool.entitlements; sourceTree = "<group>"; };
		D70D5F5424B0641800675E89 /* CodeGenerationToolTests.xctest */ = {isa = PBXFileReference; explicitFileType = wrapper.cfbundle; includeInIndex = 0; path = CodeGenerationToolTests.xctest; sourceTree = BUILT_PRODUCTS_DIR; };
		D70D5F5824B0641800675E89 /* CodeGenerationToolTests.m */ = {isa = PBXFileReference; lastKnownFileType = sourcecode.c.objc; path = CodeGenerationToolTests.m; sourceTree = "<group>"; };
		D70D5F5A24B0641800675E89 /* Info.plist */ = {isa = PBXFileReference; lastKnownFileType = text.plist.xml; path = Info.plist; sourceTree = "<group>"; };
		D70D5F5F24B0641800675E89 /* CodeGenerationToolUITests.xctest */ = {isa = PBXFileReference; explicitFileType = wrapper.cfbundle; includeInIndex = 0; path = CodeGenerationToolUITests.xctest; sourceTree = BUILT_PRODUCTS_DIR; };
		D70D5F6324B0641800675E89 /* CodeGenerationToolUITests.m */ = {isa = PBXFileReference; lastKnownFileType = sourcecode.c.objc; path = CodeGenerationToolUITests.m; sourceTree = "<group>"; };
		D70D5F6524B0641800675E89 /* Info.plist */ = {isa = PBXFileReference; lastKnownFileType = text.plist.xml; path = Info.plist; sourceTree = "<group>"; };
		D70D5F7824B0655D00675E89 /* CGTBaseWindowController.h */ = {isa = PBXFileReference; lastKnownFileType = sourcecode.c.h; path = CGTBaseWindowController.h; sourceTree = "<group>"; };
		D70D5F7924B0655D00675E89 /* CGTBaseWindowController.m */ = {isa = PBXFileReference; lastKnownFileType = sourcecode.c.objc; path = CGTBaseWindowController.m; sourceTree = "<group>"; };
		D70D5F7D24B0657700675E89 /* CGTBaseViewController.h */ = {isa = PBXFileReference; lastKnownFileType = sourcecode.c.h; path = CGTBaseViewController.h; sourceTree = "<group>"; };
		D70D5F7E24B0657700675E89 /* CGTBaseViewController.m */ = {isa = PBXFileReference; lastKnownFileType = sourcecode.c.objc; path = CGTBaseViewController.m; sourceTree = "<group>"; };
		D70D5F8124B0659E00675E89 /* CGTMainWindowController.h */ = {isa = PBXFileReference; lastKnownFileType = sourcecode.c.h; path = CGTMainWindowController.h; sourceTree = "<group>"; };
		D70D5F8224B0659E00675E89 /* CGTMainWindowController.m */ = {isa = PBXFileReference; lastKnownFileType = sourcecode.c.objc; path = CGTMainWindowController.m; sourceTree = "<group>"; };
		D70D5F8424B065B700675E89 /* CGTMainViewController.h */ = {isa = PBXFileReference; lastKnownFileType = sourcecode.c.h; path = CGTMainViewController.h; sourceTree = "<group>"; };
		D70D5F8524B065B700675E89 /* CGTMainViewController.m */ = {isa = PBXFileReference; lastKnownFileType = sourcecode.c.objc; path = CGTMainViewController.m; sourceTree = "<group>"; };
		D70D5F8724B2B46C00675E89 /* CGTPrefixHeader.pch */ = {isa = PBXFileReference; lastKnownFileType = sourcecode.c.h; path = CGTPrefixHeader.pch; sourceTree = "<group>"; };
		D7574AA224C681D800EEEA98 /* CGTUpdateView.h */ = {isa = PBXFileReference; lastKnownFileType = sourcecode.c.h; path = CGTUpdateView.h; sourceTree = "<group>"; };
		D7574AA324C681D800EEEA98 /* CGTUpdateView.m */ = {isa = PBXFileReference; lastKnownFileType = sourcecode.c.objc; path = CGTUpdateView.m; sourceTree = "<group>"; };
		D7574AA624C6826200EEEA98 /* CGTUpdateModelLayer.h */ = {isa = PBXFileReference; lastKnownFileType = sourcecode.c.h; path = CGTUpdateModelLayer.h; sourceTree = "<group>"; };
		D7574AA724C6826200EEEA98 /* CGTUpdateModelLayer.m */ = {isa = PBXFileReference; lastKnownFileType = sourcecode.c.objc; path = CGTUpdateModelLayer.m; sourceTree = "<group>"; };
		D7574AE524C692CD00EEEA98 /* CGTCmdTool.h */ = {isa = PBXFileReference; lastKnownFileType = sourcecode.c.h; path = CGTCmdTool.h; sourceTree = "<group>"; };
		D7574AE624C692CD00EEEA98 /* CGTCmdTool.m */ = {isa = PBXFileReference; lastKnownFileType = sourcecode.c.objc; path = CGTCmdTool.m; sourceTree = "<group>"; };
		D7D11795251C44270019212F /* CGTDDTableViewController.h */ = {isa = PBXFileReference; lastKnownFileType = sourcecode.c.h; path = CGTDDTableViewController.h; sourceTree = "<group>"; };
		D7D11796251C44270019212F /* CGTDDTableViewController.m */ = {isa = PBXFileReference; lastKnownFileType = sourcecode.c.objc; path = CGTDDTableViewController.m; sourceTree = "<group>"; };
		D7D1179B251C44390019212F /* CGTDDCollectionViewController.h */ = {isa = PBXFileReference; lastKnownFileType = sourcecode.c.h; path = CGTDDCollectionViewController.h; sourceTree = "<group>"; };
		D7D1179C251C44390019212F /* CGTDDCollectionViewController.m */ = {isa = PBXFileReference; lastKnownFileType = sourcecode.c.objc; path = CGTDDCollectionViewController.m; sourceTree = "<group>"; };
		D7D117A4251C6B050019212F /* CGTDDTableWindowController.h */ = {isa = PBXFileReference; lastKnownFileType = sourcecode.c.h; path = CGTDDTableWindowController.h; sourceTree = "<group>"; };
		D7D117A5251C6B050019212F /* CGTDDTableWindowController.m */ = {isa = PBXFileReference; lastKnownFileType = sourcecode.c.objc; path = CGTDDTableWindowController.m; sourceTree = "<group>"; };
		D7D117AD251C6B1B0019212F /* CGTDDCollectionWindowController.h */ = {isa = PBXFileReference; lastKnownFileType = sourcecode.c.h; path = CGTDDCollectionWindowController.h; sourceTree = "<group>"; };
		D7D117AE251C6B1B0019212F /* CGTDDCollectionWindowController.m */ = {isa = PBXFileReference; lastKnownFileType = sourcecode.c.objc; path = CGTDDCollectionWindowController.m; sourceTree = "<group>"; };
		D7D117C3251C6D7B0019212F /* CGTFrameConfig.h */ = {isa = PBXFileReference; lastKnownFileType = sourcecode.c.h; path = CGTFrameConfig.h; sourceTree = "<group>"; };
		D7D117C4251C6D7B0019212F /* CGTFrameConfig.m */ = {isa = PBXFileReference; lastKnownFileType = sourcecode.c.objc; path = CGTFrameConfig.m; sourceTree = "<group>"; };
		D7D117CF251C842D0019212F /* CGTInvokeConfig.h */ = {isa = PBXFileReference; lastKnownFileType = sourcecode.c.h; path = CGTInvokeConfig.h; sourceTree = "<group>"; };
		D7D117D0251C842D0019212F /* CGTInvokeConfig.m */ = {isa = PBXFileReference; lastKnownFileType = sourcecode.c.objc; path = CGTInvokeConfig.m; sourceTree = "<group>"; };
		D7F42C1824B2C3A500EF1C38 /* CGTColorDefine.h */ = {isa = PBXFileReference; lastKnownFileType = sourcecode.c.h; path = CGTColorDefine.h; sourceTree = "<group>"; };
		D7F42C1B24B2D1B300EF1C38 /* CGTMainModelLayer.h */ = {isa = PBXFileReference; lastKnownFileType = sourcecode.c.h; path = CGTMainModelLayer.h; sourceTree = "<group>"; };
		D7F42C1C24B2D1B300EF1C38 /* CGTMainModelLayer.m */ = {isa = PBXFileReference; lastKnownFileType = sourcecode.c.objc; path = CGTMainModelLayer.m; sourceTree = "<group>"; };
		D7F42C1F24B2D1C700EF1C38 /* CGTFilePathPlistMgr.h */ = {isa = PBXFileReference; lastKnownFileType = sourcecode.c.h; path = CGTFilePathPlistMgr.h; sourceTree = "<group>"; };
		D7F42C2024B2D1C700EF1C38 /* CGTFilePathPlistMgr.m */ = {isa = PBXFileReference; lastKnownFileType = sourcecode.c.objc; path = CGTFilePathPlistMgr.m; sourceTree = "<group>"; };
		E734CF580DA38A2E089EF96C /* Pods-CodeGenerationToolTests.release.xcconfig */ = {isa = PBXFileReference; includeInIndex = 1; lastKnownFileType = text.xcconfig; name = "Pods-CodeGenerationToolTests.release.xcconfig"; path = "Target Support Files/Pods-CodeGenerationToolTests/Pods-CodeGenerationToolTests.release.xcconfig"; sourceTree = "<group>"; };
		E9402F7BDF328AA0417A7BAE /* Pods-CodeGenerationToolTests.debug.xcconfig */ = {isa = PBXFileReference; includeInIndex = 1; lastKnownFileType = text.xcconfig; name = "Pods-CodeGenerationToolTests.debug.xcconfig"; path = "Target Support Files/Pods-CodeGenerationToolTests/Pods-CodeGenerationToolTests.debug.xcconfig"; sourceTree = "<group>"; };
/* End PBXFileReference section */

/* Begin PBXFrameworksBuildPhase section */
		D70D5F3B24B0641400675E89 /* Frameworks */ = {
			isa = PBXFrameworksBuildPhase;
			buildActionMask = 2147483647;
			files = (
				E75D09A20E5E8977B0F9DF16 /* Pods_CodeGenerationTool.framework in Frameworks */,
			);
			runOnlyForDeploymentPostprocessing = 0;
		};
		D70D5F5124B0641800675E89 /* Frameworks */ = {
			isa = PBXFrameworksBuildPhase;
			buildActionMask = 2147483647;
			files = (
				A47A75996D596E4CF449CEBC /* Pods_CodeGenerationToolTests.framework in Frameworks */,
			);
			runOnlyForDeploymentPostprocessing = 0;
		};
		D70D5F5C24B0641800675E89 /* Frameworks */ = {
			isa = PBXFrameworksBuildPhase;
			buildActionMask = 2147483647;
			files = (
				43C11816E38B44FB1932AEC9 /* Pods_CodeGenerationTool_CodeGenerationToolUITests.framework in Frameworks */,
			);
			runOnlyForDeploymentPostprocessing = 0;
		};
/* End PBXFrameworksBuildPhase section */

/* Begin PBXGroup section */
		044011F92539684300798BCD /* View */ = {
			isa = PBXGroup;
			children = (
				044011FA2539685D00798BCD /* CGTCommonTitleView.h */,
				044011FB2539685D00798BCD /* CGTCommonTitleView.m */,
			);
			path = View;
			sourceTree = "<group>";
		};
		0440121A25398FD600798BCD /* View */ = {
			isa = PBXGroup;
			children = (
				0440121D25398FE500798BCD /* CGTCustomButton.h */,
				0440121E25398FE500798BCD /* CGTCustomButton.m */,
				0440121C25398FE500798BCD /* CGTCustomScrollView.h */,
				0440121B25398FE500798BCD /* CGTCustomScrollView.m */,
			);
			path = View;
			sourceTree = "<group>";
		};
		045C63E82536C5C3009F6922 /* 设备检测 */ = {
			isa = PBXGroup;
			children = (
				045C64092537017A009F6922 /* Plugins */,
				045C63E92536C5DC009F6922 /* Controller */,
			);
			path = "设备检测";
			sourceTree = "<group>";
		};
		045C63E92536C5DC009F6922 /* Controller */ = {
			isa = PBXGroup;
			children = (
				045C63EA2536C633009F6922 /* CGTDeviceTestWindowController.h */,
				045C63EB2536C633009F6922 /* CGTDeviceTestWindowController.m */,
				045C63F32536C646009F6922 /* CGTDeviceTestViewController.h */,
				045C63F42536C646009F6922 /* CGTDeviceTestViewController.m */,
			);
			path = Controller;
			sourceTree = "<group>";
		};
		045C64092537017A009F6922 /* Plugins */ = {
			isa = PBXGroup;
			children = (
				045C640B25370184009F6922 /* AudioPlugin.h */,
				045C640A25370184009F6922 /* AudioPlugin.mm */,
				0440118B2537DB6900798BCD /* AudioVoicePlugin.h */,
				0440118C2537DB6900798BCD /* AudioVoicePlugin.mm */,
			);
			path = Plugins;
			sourceTree = "<group>";
		};
		6D10A181CCCCE0B4472A02CD /* Frameworks */ = {
			isa = PBXGroup;
			children = (
				B187A328932D431717A2517C /* Pods_CodeGenerationTool.framework */,
				7157C1C24A046B11838466DE /* Pods_CodeGenerationTool_CodeGenerationToolUITests.framework */,
				3B86CFA6999CA1026AA62E68 /* Pods_CodeGenerationToolTests.framework */,
			);
			name = Frameworks;
			sourceTree = "<group>";
		};
		86E7C805A34284EC5FB013C3 /* Pods */ = {
			isa = PBXGroup;
			children = (
				9A89E47EAFEFD119815F8FA6 /* Pods-CodeGenerationTool.debug.xcconfig */,
				1C5AAB70915A693E8B031E33 /* Pods-CodeGenerationTool.release.xcconfig */,
				714A04910DB9E1F2EDC440A1 /* Pods-CodeGenerationTool-CodeGenerationToolUITests.debug.xcconfig */,
				6B30D908BD2AEBA57070A513 /* Pods-CodeGenerationTool-CodeGenerationToolUITests.release.xcconfig */,
				E9402F7BDF328AA0417A7BAE /* Pods-CodeGenerationToolTests.debug.xcconfig */,
				E734CF580DA38A2E089EF96C /* Pods-CodeGenerationToolTests.release.xcconfig */,
			);
			path = Pods;
			sourceTree = "<group>";
		};
		D70D5F3524B0641400675E89 = {
			isa = PBXGroup;
			children = (
				D70D5F4024B0641400675E89 /* CodeGenerationTool */,
				D70D5F5724B0641800675E89 /* CodeGenerationToolTests */,
				D70D5F6224B0641800675E89 /* CodeGenerationToolUITests */,
				D70D5F3F24B0641400675E89 /* Products */,
				86E7C805A34284EC5FB013C3 /* Pods */,
				6D10A181CCCCE0B4472A02CD /* Frameworks */,
			);
			sourceTree = "<group>";
		};
		D70D5F3F24B0641400675E89 /* Products */ = {
			isa = PBXGroup;
			children = (
				D70D5F3E24B0641400675E89 /* CodeGenerationTool.app */,
				D70D5F5424B0641800675E89 /* CodeGenerationToolTests.xctest */,
				D70D5F5F24B0641800675E89 /* CodeGenerationToolUITests.xctest */,
			);
			name = Products;
			sourceTree = "<group>";
		};
		D70D5F4024B0641400675E89 /* CodeGenerationTool */ = {
			isa = PBXGroup;
			children = (
				D70D5F4124B0641400675E89 /* AppDelegate.h */,
				D70D5F4224B0641400675E89 /* AppDelegate.m */,
				D7F42C1624B2C37200EF1C38 /* Common */,
				D70D5F7124B0647000675E89 /* Base */,
				D70D5F8024B0658600675E89 /* Main */,
				D7574A9F24C6819100EEEA98 /* Update */,
				D7D11786251C43A10019212F /* Other */,
				045C63E82536C5C3009F6922 /* 设备检测 */,
				D70D5F4724B0641800675E89 /* Assets.xcassets */,
				D70D5F4924B0641800675E89 /* Main.storyboard */,
				D70D5F4C24B0641800675E89 /* Info.plist */,
				D70D5F8724B2B46C00675E89 /* CGTPrefixHeader.pch */,
				D70D5F4D24B0641800675E89 /* main.m */,
				D70D5F4F24B0641800675E89 /* CodeGenerationTool.entitlements */,
			);
			path = CodeGenerationTool;
			sourceTree = "<group>";
		};
		D70D5F5724B0641800675E89 /* CodeGenerationToolTests */ = {
			isa = PBXGroup;
			children = (
				D70D5F5824B0641800675E89 /* CodeGenerationToolTests.m */,
				D70D5F5A24B0641800675E89 /* Info.plist */,
			);
			path = CodeGenerationToolTests;
			sourceTree = "<group>";
		};
		D70D5F6224B0641800675E89 /* CodeGenerationToolUITests */ = {
			isa = PBXGroup;
			children = (
				D70D5F6324B0641800675E89 /* CodeGenerationToolUITests.m */,
				D70D5F6524B0641800675E89 /* Info.plist */,
			);
			path = CodeGenerationToolUITests;
			sourceTree = "<group>";
		};
		D70D5F7124B0647000675E89 /* Base */ = {
			isa = PBXGroup;
			children = (
				D7D117BC251C6D4A0019212F /* Config */,
				D70D5F7224B0647900675E89 /* WindowCol */,
				D70D5F7324B0648000675E89 /* ViewCol */,
			);
			path = Base;
			sourceTree = "<group>";
		};
		D70D5F7224B0647900675E89 /* WindowCol */ = {
			isa = PBXGroup;
			children = (
				D70D5F7824B0655D00675E89 /* CGTBaseWindowController.h */,
				D70D5F7924B0655D00675E89 /* CGTBaseWindowController.m */,
			);
			path = WindowCol;
			sourceTree = "<group>";
		};
		D70D5F7324B0648000675E89 /* ViewCol */ = {
			isa = PBXGroup;
			children = (
				D70D5F7D24B0657700675E89 /* CGTBaseViewController.h */,
				D70D5F7E24B0657700675E89 /* CGTBaseViewController.m */,
			);
			path = ViewCol;
			sourceTree = "<group>";
		};
		D70D5F8024B0658600675E89 /* Main */ = {
			isa = PBXGroup;
			children = (
				044011F92539684300798BCD /* View */,
				D7F42C1E24B2D1B700EF1C38 /* Model */,
				D7F42C1A24B2CEF800EF1C38 /* Data */,
				D7F42C1924B2CEEC00EF1C38 /* Controller */,
			);
			path = Main;
			sourceTree = "<group>";
		};
		D7574A9F24C6819100EEEA98 /* Update */ = {
			isa = PBXGroup;
			children = (
				D7574AA524C6823900EEEA98 /* ModelLayer */,
				D7574AA124C681C000EEEA98 /* View */,
			);
			path = Update;
			sourceTree = "<group>";
		};
		D7574AA124C681C000EEEA98 /* View */ = {
			isa = PBXGroup;
			children = (
				D7574AA224C681D800EEEA98 /* CGTUpdateView.h */,
				D7574AA324C681D800EEEA98 /* CGTUpdateView.m */,
			);
			path = View;
			sourceTree = "<group>";
		};
		D7574AA524C6823900EEEA98 /* ModelLayer */ = {
			isa = PBXGroup;
			children = (
				D7574AA624C6826200EEEA98 /* CGTUpdateModelLayer.h */,
				D7574AA724C6826200EEEA98 /* CGTUpdateModelLayer.m */,
			);
			path = ModelLayer;
			sourceTree = "<group>";
		};
		D79FDE422524270000AC4E3B /* View */ = {
			isa = PBXGroup;
			children = (
			);
			path = View;
			sourceTree = "<group>";
		};
		D7D11786251C43A10019212F /* Other */ = {
			isa = PBXGroup;
			children = (
				D79FDE422524270000AC4E3B /* View */,
				D7D11788251C43C90019212F /* ModelLayer */,
				D7D11787251C43C20019212F /* Controller */,
			);
			path = Other;
			sourceTree = "<group>";
		};
		D7D11787251C43C20019212F /* Controller */ = {
			isa = PBXGroup;
			children = (
				D7D117A4251C6B050019212F /* CGTDDTableWindowController.h */,
				D7D117A5251C6B050019212F /* CGTDDTableWindowController.m */,
				D7D11795251C44270019212F /* CGTDDTableViewController.h */,
				D7D11796251C44270019212F /* CGTDDTableViewController.m */,
				D7D117AD251C6B1B0019212F /* CGTDDCollectionWindowController.h */,
				D7D117AE251C6B1B0019212F /* CGTDDCollectionWindowController.m */,
				D7D1179B251C44390019212F /* CGTDDCollectionViewController.h */,
				D7D1179C251C44390019212F /* CGTDDCollectionViewController.m */,
			);
			path = Controller;
			sourceTree = "<group>";
		};
		D7D11788251C43C90019212F /* ModelLayer */ = {
			isa = PBXGroup;
			children = (
			);
			path = ModelLayer;
			sourceTree = "<group>";
		};
		D7D117BC251C6D4A0019212F /* Config */ = {
			isa = PBXGroup;
			children = (
				D7D117C3251C6D7B0019212F /* CGTFrameConfig.h */,
				D7D117C4251C6D7B0019212F /* CGTFrameConfig.m */,
			);
			path = Config;
			sourceTree = "<group>";
		};
		D7D117D5251C953C0019212F /* Tools */ = {
			isa = PBXGroup;
			children = (
				D7574AE524C692CD00EEEA98 /* CGTCmdTool.h */,
				D7574AE624C692CD00EEEA98 /* CGTCmdTool.m */,
			);
			path = Tools;
			sourceTree = "<group>";
		};
		D7D117D6251C954F0019212F /* Config */ = {
			isa = PBXGroup;
			children = (
				D7D117CF251C842D0019212F /* CGTInvokeConfig.h */,
				D7D117D0251C842D0019212F /* CGTInvokeConfig.m */,
			);
			path = Config;
			sourceTree = "<group>";
		};
		D7F42C1624B2C37200EF1C38 /* Common */ = {
			isa = PBXGroup;
			children = (
				0440121A25398FD600798BCD /* View */,
				D7D117D6251C954F0019212F /* Config */,
				D7D117D5251C953C0019212F /* Tools */,
				D7F42C1724B2C37800EF1C38 /* Header */,
			);
			path = Common;
			sourceTree = "<group>";
		};
		D7F42C1724B2C37800EF1C38 /* Header */ = {
			isa = PBXGroup;
			children = (
				D7F42C1824B2C3A500EF1C38 /* CGTColorDefine.h */,
			);
			path = Header;
			sourceTree = "<group>";
		};
		D7F42C1924B2CEEC00EF1C38 /* Controller */ = {
			isa = PBXGroup;
			children = (
				D70D5F8124B0659E00675E89 /* CGTMainWindowController.h */,
				D70D5F8224B0659E00675E89 /* CGTMainWindowController.m */,
				D70D5F8424B065B700675E89 /* CGTMainViewController.h */,
				D70D5F8524B065B700675E89 /* CGTMainViewController.m */,
				044012002539694500798BCD /* CGTTitleBarViewController.h */,
				044012012539694500798BCD /* CGTTitleBarViewController.m */,
				044012022539694500798BCD /* CGTTitleBarViewController.xib */,
			);
			path = Controller;
			sourceTree = "<group>";
		};
		D7F42C1A24B2CEF800EF1C38 /* Data */ = {
			isa = PBXGroup;
			children = (
				D7F42C1F24B2D1C700EF1C38 /* CGTFilePathPlistMgr.h */,
				D7F42C2024B2D1C700EF1C38 /* CGTFilePathPlistMgr.m */,
			);
			path = Data;
			sourceTree = "<group>";
		};
		D7F42C1E24B2D1B700EF1C38 /* Model */ = {
			isa = PBXGroup;
			children = (
				D7F42C1B24B2D1B300EF1C38 /* CGTMainModelLayer.h */,
				D7F42C1C24B2D1B300EF1C38 /* CGTMainModelLayer.m */,
			);
			path = Model;
			sourceTree = "<group>";
		};
/* End PBXGroup section */

/* Begin PBXNativeTarget section */
		D70D5F3D24B0641400675E89 /* CodeGenerationTool */ = {
			isa = PBXNativeTarget;
			buildConfigurationList = D70D5F6824B0641800675E89 /* Build configuration list for PBXNativeTarget "CodeGenerationTool" */;
			buildPhases = (
				67B2B51588C32324684ED3A3 /* [CP] Check Pods Manifest.lock */,
				D70D5F3A24B0641400675E89 /* Sources */,
				D70D5F3B24B0641400675E89 /* Frameworks */,
				D70D5F3C24B0641400675E89 /* Resources */,
				69F2A4CEC48EE658A63D912C /* [CP] Embed Pods Frameworks */,
			);
			buildRules = (
			);
			dependencies = (
			);
			name = CodeGenerationTool;
			productName = CodeGenerationTool;
			productReference = D70D5F3E24B0641400675E89 /* CodeGenerationTool.app */;
			productType = "com.apple.product-type.application";
		};
		D70D5F5324B0641800675E89 /* CodeGenerationToolTests */ = {
			isa = PBXNativeTarget;
			buildConfigurationList = D70D5F6B24B0641800675E89 /* Build configuration list for PBXNativeTarget "CodeGenerationToolTests" */;
			buildPhases = (
				4962DB504E2AA7077903F2E4 /* [CP] Check Pods Manifest.lock */,
				D70D5F5024B0641800675E89 /* Sources */,
				D70D5F5124B0641800675E89 /* Frameworks */,
				D70D5F5224B0641800675E89 /* Resources */,
			);
			buildRules = (
			);
			dependencies = (
				D70D5F5624B0641800675E89 /* PBXTargetDependency */,
			);
			name = CodeGenerationToolTests;
			productName = CodeGenerationToolTests;
			productReference = D70D5F5424B0641800675E89 /* CodeGenerationToolTests.xctest */;
			productType = "com.apple.product-type.bundle.unit-test";
		};
		D70D5F5E24B0641800675E89 /* CodeGenerationToolUITests */ = {
			isa = PBXNativeTarget;
			buildConfigurationList = D70D5F6E24B0641800675E89 /* Build configuration list for PBXNativeTarget "CodeGenerationToolUITests" */;
			buildPhases = (
				21F3779B2B7AF4111F90465F /* [CP] Check Pods Manifest.lock */,
				D70D5F5B24B0641800675E89 /* Sources */,
				D70D5F5C24B0641800675E89 /* Frameworks */,
				D70D5F5D24B0641800675E89 /* Resources */,
				E190DFA8F22B45EF85B0ED6F /* [CP] Embed Pods Frameworks */,
			);
			buildRules = (
			);
			dependencies = (
				D70D5F6124B0641800675E89 /* PBXTargetDependency */,
			);
			name = CodeGenerationToolUITests;
			productName = CodeGenerationToolUITests;
			productReference = D70D5F5F24B0641800675E89 /* CodeGenerationToolUITests.xctest */;
			productType = "com.apple.product-type.bundle.ui-testing";
		};
/* End PBXNativeTarget section */

/* Begin PBXProject section */
		D70D5F3624B0641400675E89 /* Project object */ = {
			isa = PBXProject;
			attributes = {
				LastUpgradeCheck = 1150;
				ORGANIZATIONNAME = dingbinbin;
				TargetAttributes = {
					D70D5F3D24B0641400675E89 = {
						CreatedOnToolsVersion = 11.5;
					};
					D70D5F5324B0641800675E89 = {
						CreatedOnToolsVersion = 11.5;
						TestTargetID = D70D5F3D24B0641400675E89;
					};
					D70D5F5E24B0641800675E89 = {
						CreatedOnToolsVersion = 11.5;
						TestTargetID = D70D5F3D24B0641400675E89;
					};
				};
			};
			buildConfigurationList = D70D5F3924B0641400675E89 /* Build configuration list for PBXProject "CodeGenerationTool" */;
			compatibilityVersion = "Xcode 9.3";
			developmentRegion = en;
			hasScannedForEncodings = 0;
			knownRegions = (
				en,
				Base,
			);
			mainGroup = D70D5F3524B0641400675E89;
			productRefGroup = D70D5F3F24B0641400675E89 /* Products */;
			projectDirPath = "";
			projectRoot = "";
			targets = (
				D70D5F3D24B0641400675E89 /* CodeGenerationTool */,
				D70D5F5324B0641800675E89 /* CodeGenerationToolTests */,
				D70D5F5E24B0641800675E89 /* CodeGenerationToolUITests */,
			);
		};
/* End PBXProject section */

/* Begin PBXResourcesBuildPhase section */
		D70D5F3C24B0641400675E89 /* Resources */ = {
			isa = PBXResourcesBuildPhase;
			buildActionMask = 2147483647;
			files = (
				D70D5F4824B0641800675E89 /* Assets.xcassets in Resources */,
				044012042539694500798BCD /* CGTTitleBarViewController.xib in Resources */,
				D70D5F4B24B0641800675E89 /* Main.storyboard in Resources */,
			);
			runOnlyForDeploymentPostprocessing = 0;
		};
		D70D5F5224B0641800675E89 /* Resources */ = {
			isa = PBXResourcesBuildPhase;
			buildActionMask = 2147483647;
			files = (
			);
			runOnlyForDeploymentPostprocessing = 0;
		};
		D70D5F5D24B0641800675E89 /* Resources */ = {
			isa = PBXResourcesBuildPhase;
			buildActionMask = 2147483647;
			files = (
			);
			runOnlyForDeploymentPostprocessing = 0;
		};
/* End PBXResourcesBuildPhase section */

/* Begin PBXShellScriptBuildPhase section */
		21F3779B2B7AF4111F90465F /* [CP] Check Pods Manifest.lock */ = {
			isa = PBXShellScriptBuildPhase;
			buildActionMask = 2147483647;
			files = (
			);
			inputFileListPaths = (
			);
			inputPaths = (
				"${PODS_PODFILE_DIR_PATH}/Podfile.lock",
				"${PODS_ROOT}/Manifest.lock",
			);
			name = "[CP] Check Pods Manifest.lock";
			outputFileListPaths = (
			);
			outputPaths = (
				"$(DERIVED_FILE_DIR)/Pods-CodeGenerationTool-CodeGenerationToolUITests-checkManifestLockResult.txt",
			);
			runOnlyForDeploymentPostprocessing = 0;
			shellPath = /bin/sh;
			shellScript = "diff \"${PODS_PODFILE_DIR_PATH}/Podfile.lock\" \"${PODS_ROOT}/Manifest.lock\" > /dev/null\nif [ $? != 0 ] ; then\n    # print error to STDERR\n    echo \"error: The sandbox is not in sync with the Podfile.lock. Run 'pod install' or update your CocoaPods installation.\" >&2\n    exit 1\nfi\n# This output is used by Xcode 'outputs' to avoid re-running this script phase.\necho \"SUCCESS\" > \"${SCRIPT_OUTPUT_FILE_0}\"\n";
			showEnvVarsInLog = 0;
		};
		4962DB504E2AA7077903F2E4 /* [CP] Check Pods Manifest.lock */ = {
			isa = PBXShellScriptBuildPhase;
			buildActionMask = 2147483647;
			files = (
			);
			inputFileListPaths = (
			);
			inputPaths = (
				"${PODS_PODFILE_DIR_PATH}/Podfile.lock",
				"${PODS_ROOT}/Manifest.lock",
			);
			name = "[CP] Check Pods Manifest.lock";
			outputFileListPaths = (
			);
			outputPaths = (
				"$(DERIVED_FILE_DIR)/Pods-CodeGenerationToolTests-checkManifestLockResult.txt",
			);
			runOnlyForDeploymentPostprocessing = 0;
			shellPath = /bin/sh;
			shellScript = "diff \"${PODS_PODFILE_DIR_PATH}/Podfile.lock\" \"${PODS_ROOT}/Manifest.lock\" > /dev/null\nif [ $? != 0 ] ; then\n    # print error to STDERR\n    echo \"error: The sandbox is not in sync with the Podfile.lock. Run 'pod install' or update your CocoaPods installation.\" >&2\n    exit 1\nfi\n# This output is used by Xcode 'outputs' to avoid re-running this script phase.\necho \"SUCCESS\" > \"${SCRIPT_OUTPUT_FILE_0}\"\n";
			showEnvVarsInLog = 0;
		};
		67B2B51588C32324684ED3A3 /* [CP] Check Pods Manifest.lock */ = {
			isa = PBXShellScriptBuildPhase;
			buildActionMask = 2147483647;
			files = (
			);
			inputFileListPaths = (
			);
			inputPaths = (
				"${PODS_PODFILE_DIR_PATH}/Podfile.lock",
				"${PODS_ROOT}/Manifest.lock",
			);
			name = "[CP] Check Pods Manifest.lock";
			outputFileListPaths = (
			);
			outputPaths = (
				"$(DERIVED_FILE_DIR)/Pods-CodeGenerationTool-checkManifestLockResult.txt",
			);
			runOnlyForDeploymentPostprocessing = 0;
			shellPath = /bin/sh;
			shellScript = "diff \"${PODS_PODFILE_DIR_PATH}/Podfile.lock\" \"${PODS_ROOT}/Manifest.lock\" > /dev/null\nif [ $? != 0 ] ; then\n    # print error to STDERR\n    echo \"error: The sandbox is not in sync with the Podfile.lock. Run 'pod install' or update your CocoaPods installation.\" >&2\n    exit 1\nfi\n# This output is used by Xcode 'outputs' to avoid re-running this script phase.\necho \"SUCCESS\" > \"${SCRIPT_OUTPUT_FILE_0}\"\n";
			showEnvVarsInLog = 0;
		};
		69F2A4CEC48EE658A63D912C /* [CP] Embed Pods Frameworks */ = {
			isa = PBXShellScriptBuildPhase;
			buildActionMask = 2147483647;
			files = (
			);
			inputFileListPaths = (
				"${PODS_ROOT}/Target Support Files/Pods-CodeGenerationTool/Pods-CodeGenerationTool-frameworks-${CONFIGURATION}-input-files.xcfilelist",
			);
			name = "[CP] Embed Pods Frameworks";
			outputFileListPaths = (
				"${PODS_ROOT}/Target Support Files/Pods-CodeGenerationTool/Pods-CodeGenerationTool-frameworks-${CONFIGURATION}-output-files.xcfilelist",
			);
			runOnlyForDeploymentPostprocessing = 0;
			shellPath = /bin/sh;
			shellScript = "\"${PODS_ROOT}/Target Support Files/Pods-CodeGenerationTool/Pods-CodeGenerationTool-frameworks.sh\"\n";
			showEnvVarsInLog = 0;
		};
		E190DFA8F22B45EF85B0ED6F /* [CP] Embed Pods Frameworks */ = {
			isa = PBXShellScriptBuildPhase;
			buildActionMask = 2147483647;
			files = (
			);
			inputFileListPaths = (
				"${PODS_ROOT}/Target Support Files/Pods-CodeGenerationTool-CodeGenerationToolUITests/Pods-CodeGenerationTool-CodeGenerationToolUITests-frameworks-${CONFIGURATION}-input-files.xcfilelist",
			);
			name = "[CP] Embed Pods Frameworks";
			outputFileListPaths = (
				"${PODS_ROOT}/Target Support Files/Pods-CodeGenerationTool-CodeGenerationToolUITests/Pods-CodeGenerationTool-CodeGenerationToolUITests-frameworks-${CONFIGURATION}-output-files.xcfilelist",
			);
			runOnlyForDeploymentPostprocessing = 0;
			shellPath = /bin/sh;
			shellScript = "\"${PODS_ROOT}/Target Support Files/Pods-CodeGenerationTool-CodeGenerationToolUITests/Pods-CodeGenerationTool-CodeGenerationToolUITests-frameworks.sh\"\n";
			showEnvVarsInLog = 0;
		};
/* End PBXShellScriptBuildPhase section */

/* Begin PBXSourcesBuildPhase section */
		D70D5F3A24B0641400675E89 /* Sources */ = {
			isa = PBXSourcesBuildPhase;
			buildActionMask = 2147483647;
			files = (
				D7D117D1251C842D0019212F /* CGTInvokeConfig.m in Sources */,
				0440121F25398FE500798BCD /* CGTCustomScrollView.m in Sources */,
				D70D5F4E24B0641800675E89 /* main.m in Sources */,
				D7F42C2124B2D1C700EF1C38 /* CGTFilePathPlistMgr.m in Sources */,
				D7D11797251C44270019212F /* CGTDDTableViewController.m in Sources */,
				D7D117A6251C6B050019212F /* CGTDDTableWindowController.m in Sources */,
				D7D117AF251C6B1B0019212F /* CGTDDCollectionWindowController.m in Sources */,
				045C63EC2536C633009F6922 /* CGTDeviceTestWindowController.m in Sources */,
				045C640C25370184009F6922 /* AudioPlugin.mm in Sources */,
				D70D5F7F24B0657700675E89 /* CGTBaseViewController.m in Sources */,
				D7D1179E251C44390019212F /* CGTDDCollectionViewController.m in Sources */,
				0440122025398FE500798BCD /* CGTCustomButton.m in Sources */,
				D70D5F8624B065B700675E89 /* CGTMainViewController.m in Sources */,
				D70D5F7B24B0655D00675E89 /* CGTBaseWindowController.m in Sources */,
				D70D5F4324B0641400675E89 /* AppDelegate.m in Sources */,
				D7D117C5251C6D7B0019212F /* CGTFrameConfig.m in Sources */,
				D7F42C1D24B2D1B300EF1C38 /* CGTMainModelLayer.m in Sources */,
				0440118D2537DB6900798BCD /* AudioVoicePlugin.mm in Sources */,
				044012032539694500798BCD /* CGTTitleBarViewController.m in Sources */,
				D7574AA824C6826200EEEA98 /* CGTUpdateModelLayer.m in Sources */,
				D7574AE724C692CD00EEEA98 /* CGTCmdTool.m in Sources */,
				045C63F52536C646009F6922 /* CGTDeviceTestViewController.m in Sources */,
				044011FC2539685D00798BCD /* CGTCommonTitleView.m in Sources */,
				D70D5F8324B0659E00675E89 /* CGTMainWindowController.m in Sources */,
				D7574AA424C681D800EEEA98 /* CGTUpdateView.m in Sources */,
			);
			runOnlyForDeploymentPostprocessing = 0;
		};
		D70D5F5024B0641800675E89 /* Sources */ = {
			isa = PBXSourcesBuildPhase;
			buildActionMask = 2147483647;
			files = (
				D70D5F5924B0641800675E89 /* CodeGenerationToolTests.m in Sources */,
			);
			runOnlyForDeploymentPostprocessing = 0;
		};
		D70D5F5B24B0641800675E89 /* Sources */ = {
			isa = PBXSourcesBuildPhase;
			buildActionMask = 2147483647;
			files = (
				D70D5F6424B0641800675E89 /* CodeGenerationToolUITests.m in Sources */,
			);
			runOnlyForDeploymentPostprocessing = 0;
		};
/* End PBXSourcesBuildPhase section */

/* Begin PBXTargetDependency section */
		D70D5F5624B0641800675E89 /* PBXTargetDependency */ = {
			isa = PBXTargetDependency;
			target = D70D5F3D24B0641400675E89 /* CodeGenerationTool */;
			targetProxy = D70D5F5524B0641800675E89 /* PBXContainerItemProxy */;
		};
		D70D5F6124B0641800675E89 /* PBXTargetDependency */ = {
			isa = PBXTargetDependency;
			target = D70D5F3D24B0641400675E89 /* CodeGenerationTool */;
			targetProxy = D70D5F6024B0641800675E89 /* PBXContainerItemProxy */;
		};
/* End PBXTargetDependency section */

/* Begin PBXVariantGroup section */
		D70D5F4924B0641800675E89 /* Main.storyboard */ = {
			isa = PBXVariantGroup;
			children = (
				D70D5F4A24B0641800675E89 /* Base */,
			);
			name = Main.storyboard;
			sourceTree = "<group>";
		};
/* End PBXVariantGroup section */

/* Begin XCBuildConfiguration section */
		D70D5F6624B0641800675E89 /* Debug */ = {
			isa = XCBuildConfiguration;
			buildSettings = {
				ALWAYS_SEARCH_USER_PATHS = NO;
				CLANG_ANALYZER_NONNULL = YES;
				CLANG_ANALYZER_NUMBER_OBJECT_CONVERSION = YES_AGGRESSIVE;
				CLANG_CXX_LANGUAGE_STANDARD = "gnu++14";
				CLANG_CXX_LIBRARY = "libc++";
				CLANG_ENABLE_MODULES = YES;
				CLANG_ENABLE_OBJC_ARC = YES;
				CLANG_ENABLE_OBJC_WEAK = YES;
				CLANG_WARN_BLOCK_CAPTURE_AUTORELEASING = YES;
				CLANG_WARN_BOOL_CONVERSION = YES;
				CLANG_WARN_COMMA = YES;
				CLANG_WARN_CONSTANT_CONVERSION = YES;
				CLANG_WARN_DEPRECATED_OBJC_IMPLEMENTATIONS = YES;
				CLANG_WARN_DIRECT_OBJC_ISA_USAGE = YES_ERROR;
				CLANG_WARN_DOCUMENTATION_COMMENTS = YES;
				CLANG_WARN_EMPTY_BODY = YES;
				CLANG_WARN_ENUM_CONVERSION = YES;
				CLANG_WARN_INFINITE_RECURSION = YES;
				CLANG_WARN_INT_CONVERSION = YES;
				CLANG_WARN_NON_LITERAL_NULL_CONVERSION = YES;
				CLANG_WARN_OBJC_IMPLICIT_RETAIN_SELF = YES;
				CLANG_WARN_OBJC_LITERAL_CONVERSION = YES;
				CLANG_WARN_OBJC_ROOT_CLASS = YES_ERROR;
				CLANG_WARN_RANGE_LOOP_ANALYSIS = YES;
				CLANG_WARN_STRICT_PROTOTYPES = YES;
				CLANG_WARN_SUSPICIOUS_MOVE = YES;
				CLANG_WARN_UNGUARDED_AVAILABILITY = YES_AGGRESSIVE;
				CLANG_WARN_UNREACHABLE_CODE = YES;
				CLANG_WARN__DUPLICATE_METHOD_MATCH = YES;
				COPY_PHASE_STRIP = NO;
				DEBUG_INFORMATION_FORMAT = dwarf;
				ENABLE_STRICT_OBJC_MSGSEND = YES;
				ENABLE_TESTABILITY = YES;
				GCC_C_LANGUAGE_STANDARD = gnu11;
				GCC_DYNAMIC_NO_PIC = NO;
				GCC_NO_COMMON_BLOCKS = YES;
				GCC_OPTIMIZATION_LEVEL = 0;
				GCC_PREPROCESSOR_DEFINITIONS = (
					"DEBUG=1",
					"$(inherited)",
				);
				GCC_WARN_64_TO_32_BIT_CONVERSION = YES;
				GCC_WARN_ABOUT_RETURN_TYPE = YES_ERROR;
				GCC_WARN_UNDECLARED_SELECTOR = YES;
				GCC_WARN_UNINITIALIZED_AUTOS = YES_AGGRESSIVE;
				GCC_WARN_UNUSED_FUNCTION = YES;
				GCC_WARN_UNUSED_VARIABLE = YES;
				MACOSX_DEPLOYMENT_TARGET = 10.15;
				MTL_ENABLE_DEBUG_INFO = INCLUDE_SOURCE;
				MTL_FAST_MATH = YES;
				ONLY_ACTIVE_ARCH = YES;
				SDKROOT = macosx;
			};
			name = Debug;
		};
		D70D5F6724B0641800675E89 /* Release */ = {
			isa = XCBuildConfiguration;
			buildSettings = {
				ALWAYS_SEARCH_USER_PATHS = NO;
				CLANG_ANALYZER_NONNULL = YES;
				CLANG_ANALYZER_NUMBER_OBJECT_CONVERSION = YES_AGGRESSIVE;
				CLANG_CXX_LANGUAGE_STANDARD = "gnu++14";
				CLANG_CXX_LIBRARY = "libc++";
				CLANG_ENABLE_MODULES = YES;
				CLANG_ENABLE_OBJC_ARC = YES;
				CLANG_ENABLE_OBJC_WEAK = YES;
				CLANG_WARN_BLOCK_CAPTURE_AUTORELEASING = YES;
				CLANG_WARN_BOOL_CONVERSION = YES;
				CLANG_WARN_COMMA = YES;
				CLANG_WARN_CONSTANT_CONVERSION = YES;
				CLANG_WARN_DEPRECATED_OBJC_IMPLEMENTATIONS = YES;
				CLANG_WARN_DIRECT_OBJC_ISA_USAGE = YES_ERROR;
				CLANG_WARN_DOCUMENTATION_COMMENTS = YES;
				CLANG_WARN_EMPTY_BODY = YES;
				CLANG_WARN_ENUM_CONVERSION = YES;
				CLANG_WARN_INFINITE_RECURSION = YES;
				CLANG_WARN_INT_CONVERSION = YES;
				CLANG_WARN_NON_LITERAL_NULL_CONVERSION = YES;
				CLANG_WARN_OBJC_IMPLICIT_RETAIN_SELF = YES;
				CLANG_WARN_OBJC_LITERAL_CONVERSION = YES;
				CLANG_WARN_OBJC_ROOT_CLASS = YES_ERROR;
				CLANG_WARN_RANGE_LOOP_ANALYSIS = YES;
				CLANG_WARN_STRICT_PROTOTYPES = YES;
				CLANG_WARN_SUSPICIOUS_MOVE = YES;
				CLANG_WARN_UNGUARDED_AVAILABILITY = YES_AGGRESSIVE;
				CLANG_WARN_UNREACHABLE_CODE = YES;
				CLANG_WARN__DUPLICATE_METHOD_MATCH = YES;
				COPY_PHASE_STRIP = NO;
				DEBUG_INFORMATION_FORMAT = "dwarf-with-dsym";
				ENABLE_NS_ASSERTIONS = NO;
				ENABLE_STRICT_OBJC_MSGSEND = YES;
				GCC_C_LANGUAGE_STANDARD = gnu11;
				GCC_NO_COMMON_BLOCKS = YES;
				GCC_WARN_64_TO_32_BIT_CONVERSION = YES;
				GCC_WARN_ABOUT_RETURN_TYPE = YES_ERROR;
				GCC_WARN_UNDECLARED_SELECTOR = YES;
				GCC_WARN_UNINITIALIZED_AUTOS = YES_AGGRESSIVE;
				GCC_WARN_UNUSED_FUNCTION = YES;
				GCC_WARN_UNUSED_VARIABLE = YES;
				MACOSX_DEPLOYMENT_TARGET = 10.15;
				MTL_ENABLE_DEBUG_INFO = NO;
				MTL_FAST_MATH = YES;
				SDKROOT = macosx;
			};
			name = Release;
		};
		D70D5F6924B0641800675E89 /* Debug */ = {
			isa = XCBuildConfiguration;
			baseConfigurationReference = 9A89E47EAFEFD119815F8FA6 /* Pods-CodeGenerationTool.debug.xcconfig */;
			buildSettings = {
				ASSETCATALOG_COMPILER_APPICON_NAME = AppIcon;
				CODE_SIGN_ENTITLEMENTS = CodeGenerationTool/CodeGenerationTool.entitlements;
				CODE_SIGN_STYLE = Automatic;
				COMBINE_HIDPI_IMAGES = YES;
				GCC_PREFIX_HEADER = /Users/mac/CodeGenerationTool/CodeGenerationTool/CodeGenerationTool/CGTPrefixHeader.pch;
				INFOPLIST_FILE = CodeGenerationTool/Info.plist;
				LD_RUNPATH_SEARCH_PATHS = (
					"$(inherited)",
					"@executable_path/../Frameworks",
				);
				MACOSX_DEPLOYMENT_TARGET = 10.15;
				PRODUCT_BUNDLE_IDENTIFIER = com.dingbinbin.demo.CodeGenerationTool;
				PRODUCT_NAME = "$(TARGET_NAME)";
			};
			name = Debug;
		};
		D70D5F6A24B0641800675E89 /* Release */ = {
			isa = XCBuildConfiguration;
			baseConfigurationReference = 1C5AAB70915A693E8B031E33 /* Pods-CodeGenerationTool.release.xcconfig */;
			buildSettings = {
				ASSETCATALOG_COMPILER_APPICON_NAME = AppIcon;
				CODE_SIGN_ENTITLEMENTS = CodeGenerationTool/CodeGenerationTool.entitlements;
				CODE_SIGN_STYLE = Automatic;
				COMBINE_HIDPI_IMAGES = YES;
				GCC_PREFIX_HEADER = /Users/mac/CodeGenerationTool/CodeGenerationTool/CodeGenerationTool/CGTPrefixHeader.pch;
				INFOPLIST_FILE = CodeGenerationTool/Info.plist;
				LD_RUNPATH_SEARCH_PATHS = (
					"$(inherited)",
					"@executable_path/../Frameworks",
				);
				MACOSX_DEPLOYMENT_TARGET = 10.15;
				PRODUCT_BUNDLE_IDENTIFIER = com.dingbinbin.demo.CodeGenerationTool;
				PRODUCT_NAME = "$(TARGET_NAME)";
			};
			name = Release;
		};
		D70D5F6C24B0641800675E89 /* Debug */ = {
			isa = XCBuildConfiguration;
			baseConfigurationReference = E9402F7BDF328AA0417A7BAE /* Pods-CodeGenerationToolTests.debug.xcconfig */;
			buildSettings = {
				BUNDLE_LOADER = "$(TEST_HOST)";
				CODE_SIGN_STYLE = Automatic;
				COMBINE_HIDPI_IMAGES = YES;
				INFOPLIST_FILE = CodeGenerationToolTests/Info.plist;
				LD_RUNPATH_SEARCH_PATHS = (
					"$(inherited)",
					"@executable_path/../Frameworks",
					"@loader_path/../Frameworks",
				);
				MACOSX_DEPLOYMENT_TARGET = 10.15;
				PRODUCT_BUNDLE_IDENTIFIER = com.dingbinbin.demo.CodeGenerationToolTests;
				PRODUCT_NAME = "$(TARGET_NAME)";
				TEST_HOST = "$(BUILT_PRODUCTS_DIR)/CodeGenerationTool.app/Contents/MacOS/CodeGenerationTool";
			};
			name = Debug;
		};
		D70D5F6D24B0641800675E89 /* Release */ = {
			isa = XCBuildConfiguration;
			baseConfigurationReference = E734CF580DA38A2E089EF96C /* Pods-CodeGenerationToolTests.release.xcconfig */;
			buildSettings = {
				BUNDLE_LOADER = "$(TEST_HOST)";
				CODE_SIGN_STYLE = Automatic;
				COMBINE_HIDPI_IMAGES = YES;
				INFOPLIST_FILE = CodeGenerationToolTests/Info.plist;
				LD_RUNPATH_SEARCH_PATHS = (
					"$(inherited)",
					"@executable_path/../Frameworks",
					"@loader_path/../Frameworks",
				);
				MACOSX_DEPLOYMENT_TARGET = 10.15;
				PRODUCT_BUNDLE_IDENTIFIER = com.dingbinbin.demo.CodeGenerationToolTests;
				PRODUCT_NAME = "$(TARGET_NAME)";
				TEST_HOST = "$(BUILT_PRODUCTS_DIR)/CodeGenerationTool.app/Contents/MacOS/CodeGenerationTool";
			};
			name = Release;
		};
		D70D5F6F24B0641800675E89 /* Debug */ = {
			isa = XCBuildConfiguration;
			baseConfigurationReference = 714A04910DB9E1F2EDC440A1 /* Pods-CodeGenerationTool-CodeGenerationToolUITests.debug.xcconfig */;
			buildSettings = {
				CODE_SIGN_STYLE = Automatic;
				COMBINE_HIDPI_IMAGES = YES;
				INFOPLIST_FILE = CodeGenerationToolUITests/Info.plist;
				LD_RUNPATH_SEARCH_PATHS = (
					"$(inherited)",
					"@executable_path/../Frameworks",
					"@loader_path/../Frameworks",
				);
				PRODUCT_BUNDLE_IDENTIFIER = com.dingbinbin.demo.CodeGenerationToolUITests;
				PRODUCT_NAME = "$(TARGET_NAME)";
				TEST_TARGET_NAME = CodeGenerationTool;
			};
			name = Debug;
		};
		D70D5F7024B0641800675E89 /* Release */ = {
			isa = XCBuildConfiguration;
			baseConfigurationReference = 6B30D908BD2AEBA57070A513 /* Pods-CodeGenerationTool-CodeGenerationToolUITests.release.xcconfig */;
			buildSettings = {
				CODE_SIGN_STYLE = Automatic;
				COMBINE_HIDPI_IMAGES = YES;
				INFOPLIST_FILE = CodeGenerationToolUITests/Info.plist;
				LD_RUNPATH_SEARCH_PATHS = (
					"$(inherited)",
					"@executable_path/../Frameworks",
					"@loader_path/../Frameworks",
				);
				PRODUCT_BUNDLE_IDENTIFIER = com.dingbinbin.demo.CodeGenerationToolUITests;
				PRODUCT_NAME = "$(TARGET_NAME)";
				TEST_TARGET_NAME = CodeGenerationTool;
			};
			name = Release;
		};
/* End XCBuildConfiguration section */

/* Begin XCConfigurationList section */
		D70D5F3924B0641400675E89 /* Build configuration list for PBXProject "CodeGenerationTool" */ = {
			isa = XCConfigurationList;
			buildConfigurations = (
				D70D5F6624B0641800675E89 /* Debug */,
				D70D5F6724B0641800675E89 /* Release */,
			);
			defaultConfigurationIsVisible = 0;
			defaultConfigurationName = Release;
		};
		D70D5F6824B0641800675E89 /* Build configuration list for PBXNativeTarget "CodeGenerationTool" */ = {
			isa = XCConfigurationList;
			buildConfigurations = (
				D70D5F6924B0641800675E89 /* Debug */,
				D70D5F6A24B0641800675E89 /* Release */,
			);
			defaultConfigurationIsVisible = 0;
			defaultConfigurationName = Release;
		};
		D70D5F6B24B0641800675E89 /* Build configuration list for PBXNativeTarget "CodeGenerationToolTests" */ = {
			isa = XCConfigurationList;
			buildConfigurations = (
				D70D5F6C24B0641800675E89 /* Debug */,
				D70D5F6D24B0641800675E89 /* Release */,
			);
			defaultConfigurationIsVisible = 0;
			defaultConfigurationName = Release;
		};
		D70D5F6E24B0641800675E89 /* Build configuration list for PBXNativeTarget "CodeGenerationToolUITests" */ = {
			isa = XCConfigurationList;
			buildConfigurations = (
				D70D5F6F24B0641800675E89 /* Debug */,
				D70D5F7024B0641800675E89 /* Release */,
			);
			defaultConfigurationIsVisible = 0;
			defaultConfigurationName = Release;
		};
/* End XCConfigurationList section */
	};
	rootObject = D70D5F3624B0641400675E89 /* Project object */;
}
