PODS:
  - AFNetworking (4.0.0):
    - AFNetworking/NSURLSession (= 4.0.0)
    - AFNetworking/Reachability (= 4.0.0)
    - AFNetworking/Security (= 4.0.0)
    - AFNetworking/Serialization (= 4.0.0)
    - AFNetworking/UIKit (= 4.0.0)
  - AFNetworking/NSURLSession (4.0.0):
    - AFNetworking/Reachability
    - AFNetworking/Security
    - AFNetworking/Serialization
  - AFNetworking/Reachability (4.0.0)
  - AFNetworking/Security (4.0.0)
  - AFNetworking/Serialization (4.0.0)
  - GDataXML-HTML (1.4.1)
  - libxlsxwriter (1.0.0)
  - Masonry (1.1.0)
  - MJExtension (3.2.1)
  - SDWebImage (5.10.4):
    - SDWebImage/Core (= 5.10.4)
  - SDWebImage/Core (5.10.4)
  - SSZipArchive (2.2.3)

DEPENDENCIES:
  - AFNetworking
  - GDataXML-HTML
  - libxlsxwriter
  - Masonry
  - MJExtension
  - SDWebImage
  - SSZipArchive

SPEC REPOS:
  trunk:
    - AFNetworking
    - GDataXML-HTML
    - libxlsxwriter
    - Masonry
    - MJExtension
    - SDWebImage
    - SSZipArchive

SPEC CHECKSUMS:
  AFNetworking: d9fdf484a3c723ec3c558a41cc5754c7e845ee77
  GDataXML-HTML: a4f11079b48d9fe96ff1fe478943a317185227e2
  libxlsxwriter: 36728628804bc23f1b61a4fe2b65f49937ff4e38
  Masonry: 678fab65091a9290e40e2832a55e7ab731aad201
  MJExtension: 635f2c663dcb1bf76fa4b715b2570a5710aec545
  SDWebImage: c666b97e1fa9c64b4909816a903322018f0a9c84
  SSZipArchive: 62d4947b08730e4cda640473b0066d209ff033c9

PODFILE CHECKSUM: 27a7cc5104ecc471f53891e32bf19b1cf903fd6a

COCOAPODS: 1.10.1
