// !$*UTF8*$!
{
	archiveVersion = 1;
	classes = {
	};
	objectVersion = 51;
	objects = {

/* Begin PBXBuildFile section */
		0424FF7525C3DB91008607C6 /* CGTDrawModel.m in Sources */ = {isa = PBXBuildFile; fileRef = 0424FF7425C3DB91008607C6 /* CGTDrawModel.m */; };
		043E00FA253EEA3E0089AB8C /* NSWindowController+TitleBar.m in Sources */ = {isa = PBXBuildFile; fileRef = 043E00F8253EEA3E0089AB8C /* NSWindowController+TitleBar.m */; };
		043E0101253EEA7B0089AB8C /* CommonTitleBarViewController.m in Sources */ = {isa = PBXBuildFile; fileRef = 043E00FE253EEA7B0089AB8C /* CommonTitleBarViewController.m */; };
		043E0102253EEA7B0089AB8C /* CommonTitleBarViewController.xib in Resources */ = {isa = PBXBuildFile; fileRef = 043E0100253EEA7B0089AB8C /* CommonTitleBarViewController.xib */; };
		043E0108253EEAF70089AB8C /* CommonTitleView.m in Sources */ = {isa = PBXBuildFile; fileRef = 043E0107253EEAF70089AB8C /* CommonTitleView.m */; };
		043E014C25403AED0089AB8C /* CGTCustomTextField.m in Sources */ = {isa = PBXBuildFile; fileRef = 043E014B25403AED0089AB8C /* CGTCustomTextField.m */; };
		043E015625403B570089AB8C /* CGTTitleBarViewController.m in Sources */ = {isa = PBXBuildFile; fileRef = 043E015325403B570089AB8C /* CGTTitleBarViewController.m */; };
		043E015725403B570089AB8C /* CGTTitleBarViewController.xib in Resources */ = {isa = PBXBuildFile; fileRef = 043E015525403B570089AB8C /* CGTTitleBarViewController.xib */; };
		043E015D25403B6B0089AB8C /* CGTCommonTitleView.m in Sources */ = {isa = PBXBuildFile; fileRef = 043E015C25403B6B0089AB8C /* CGTCommonTitleView.m */; };
		043E01922542AF040089AB8C /* CGTCustomTableHeaderCell.m in Sources */ = {isa = PBXBuildFile; fileRef = 043E01912542AF040089AB8C /* CGTCustomTableHeaderCell.m */; };
		043E01A42542BA130089AB8C /* CGTProcessRateTextField.m in Sources */ = {isa = PBXBuildFile; fileRef = 043E01A32542BA130089AB8C /* CGTProcessRateTextField.m */; };
		043E01AC2542BB710089AB8C /* CGTCommonDemoWindowController.m in Sources */ = {isa = PBXBuildFile; fileRef = 043E01AB2542BB710089AB8C /* CGTCommonDemoWindowController.m */; };
		043E01B52542BD480089AB8C /* CGTCommonDemoViewController.m in Sources */ = {isa = PBXBuildFile; fileRef = 043E01B42542BD480089AB8C /* CGTCommonDemoViewController.m */; };
		043E01BB2542BF310089AB8C /* CGTProcessRateView.m in Sources */ = {isa = PBXBuildFile; fileRef = 043E01BA2542BF310089AB8C /* CGTProcessRateView.m */; };
		0440121F25398FE500798BCD /* CGTCustomScrollView.m in Sources */ = {isa = PBXBuildFile; fileRef = 0440121B25398FE500798BCD /* CGTCustomScrollView.m */; };
		04411A782549809D00337A41 /* CGTSecondaryViewController.m in Sources */ = {isa = PBXBuildFile; fileRef = 04411A772549809D00337A41 /* CGTSecondaryViewController.m */; };
		04465D8325A69D37009850D0 /* ProgressHUD.m in Sources */ = {isa = PBXBuildFile; fileRef = 04465D8125A69D37009850D0 /* ProgressHUD.m */; };
		0455703F2703FFC90024C32C /* CGTChessmanBean.m in Sources */ = {isa = PBXBuildFile; fileRef = 0455703E2703FFC90024C32C /* CGTChessmanBean.m */; };
		046DB64B271436A600673633 /* CGTSGFFileReader.m in Sources */ = {isa = PBXBuildFile; fileRef = 046DB64A271436A600673633 /* CGTSGFFileReader.m */; };
		046DB6512714370600673633 /* CGTSGFNode.m in Sources */ = {isa = PBXBuildFile; fileRef = 046DB6502714370600673633 /* CGTSGFNode.m */; };
		046DB69327182C0600673633 /* CGTChessmanStep.m in Sources */ = {isa = PBXBuildFile; fileRef = 046DB69227182C0600673633 /* CGTChessmanStep.m */; };
		046DB6D82726A7AD00673633 /* CGTWeiQiCTest.m in Sources */ = {isa = PBXBuildFile; fileRef = 046DB6D62726A7AD00673633 /* CGTWeiQiCTest.m */; };
		046DB6D92726A7AD00673633 /* GoRule.c in Sources */ = {isa = PBXBuildFile; fileRef = 046DB6D72726A7AD00673633 /* GoRule.c */; };
		046DB7212726B2B400673633 /* 跨平台编译相关.md in Resources */ = {isa = PBXBuildFile; fileRef = 046DB71D2726B2B400673633 /* 跨平台编译相关.md */; };
		046DB7222726B2B400673633 /* Android.mk in Resources */ = {isa = PBXBuildFile; fileRef = 046DB71F2726B2B400673633 /* Android.mk */; };
		046DB7232726B2B400673633 /* Application.mk in Resources */ = {isa = PBXBuildFile; fileRef = 046DB7202726B2B400673633 /* Application.mk */; };
		04729F5026FDB31F00466E62 /* CGTWeiQiWindowController.m in Sources */ = {isa = PBXBuildFile; fileRef = 04729F4F26FDB31F00466E62 /* CGTWeiQiWindowController.m */; };
		04729F5626FDB35F00466E62 /* CGTWeiQiViewController.m in Sources */ = {isa = PBXBuildFile; fileRef = 04729F5526FDB35F00466E62 /* CGTWeiQiViewController.m */; };
		04729F5C2700024E00466E62 /* CGTWeiQiBoardView.m in Sources */ = {isa = PBXBuildFile; fileRef = 04729F5B2700024E00466E62 /* CGTWeiQiBoardView.m */; };
		04729F622700123500466E62 /* CGTWeiQiModelLayer.m in Sources */ = {isa = PBXBuildFile; fileRef = 04729F612700123500466E62 /* CGTWeiQiModelLayer.m */; };
		0476509B259DBA5C0006F3FC /* CustomButton.m in Sources */ = {isa = PBXBuildFile; fileRef = 04765099259DBA5B0006F3FC /* CustomButton.m */; };
		04AE731E25F223E50057F3B6 /* CGTExcelWindowController.m in Sources */ = {isa = PBXBuildFile; fileRef = 04AE731D25F223E50057F3B6 /* CGTExcelWindowController.m */; };
		04AE732725F223FB0057F3B6 /* CGTExcelViewController.m in Sources */ = {isa = PBXBuildFile; fileRef = 04AE732625F223FB0057F3B6 /* CGTExcelViewController.m */; };
		04AE732C25F225E00057F3B6 /* ClassInfo.plist in Resources */ = {isa = PBXBuildFile; fileRef = 04AE732B25F225E00057F3B6 /* ClassInfo.plist */; };
		04AE738525F6133D0057F3B6 /* CGTExcelModel.m in Sources */ = {isa = PBXBuildFile; fileRef = 04AE738425F6133D0057F3B6 /* CGTExcelModel.m */; };
		04AE738B25F86A150057F3B6 /* CGTTestModalWindowController.m in Sources */ = {isa = PBXBuildFile; fileRef = 04AE738A25F86A150057F3B6 /* CGTTestModalWindowController.m */; };
		04AE739D25FA1D960057F3B6 /* NSBezierPath+CGPath.m in Sources */ = {isa = PBXBuildFile; fileRef = 04AE739C25FA1D960057F3B6 /* NSBezierPath+CGPath.m */; };
		04D496BD25BEDD4C007A0157 /* CGTDrawWindowController.m in Sources */ = {isa = PBXBuildFile; fileRef = 04D496BC25BEDD4C007A0157 /* CGTDrawWindowController.m */; };
		04D496C625BEDD58007A0157 /* CGTDrawViewController.m in Sources */ = {isa = PBXBuildFile; fileRef = 04D496C525BEDD58007A0157 /* CGTDrawViewController.m */; };
		04D496D225BFBD24007A0157 /* CGTDrawView.m in Sources */ = {isa = PBXBuildFile; fileRef = 04D496D125BFBD24007A0157 /* CGTDrawView.m */; };
		04D496E225BFE521007A0157 /* CustomDrawingTools.m in Sources */ = {isa = PBXBuildFile; fileRef = 04D496E125BFE521007A0157 /* CustomDrawingTools.m */; };
		04D496EC25BFFE7B007A0157 /* CGTDrawLayer.m in Sources */ = {isa = PBXBuildFile; fileRef = 04D496EB25BFFE7B007A0157 /* CGTDrawLayer.m */; };
		04F197FF26B7E7AE0047A022 /* NSImageView+MouseEvent.m in Sources */ = {isa = PBXBuildFile; fileRef = 04F197FE26B7E7AE0047A022 /* NSImageView+MouseEvent.m */; };
		43C11816E38B44FB1932AEC9 /* Pods_CodeGenerationTool_CodeGenerationToolUITests.framework in Frameworks */ = {isa = PBXBuildFile; fileRef = 7157C1C24A046B11838466DE /* Pods_CodeGenerationTool_CodeGenerationToolUITests.framework */; };
		A47A75996D596E4CF449CEBC /* Pods_CodeGenerationToolTests.framework in Frameworks */ = {isa = PBXBuildFile; fileRef = 3B86CFA6999CA1026AA62E68 /* Pods_CodeGenerationToolTests.framework */; };
		D704CD77257B5451003DC276 /* CGTFileModelLayer.m in Sources */ = {isa = PBXBuildFile; fileRef = D704CD76257B5451003DC276 /* CGTFileModelLayer.m */; };
		D70D5F4324B0641400675E89 /* AppDelegate.m in Sources */ = {isa = PBXBuildFile; fileRef = D70D5F4224B0641400675E89 /* AppDelegate.m */; };
		D70D5F4824B0641800675E89 /* Assets.xcassets in Resources */ = {isa = PBXBuildFile; fileRef = D70D5F4724B0641800675E89 /* Assets.xcassets */; };
		D70D5F4B24B0641800675E89 /* Main.storyboard in Resources */ = {isa = PBXBuildFile; fileRef = D70D5F4924B0641800675E89 /* Main.storyboard */; };
		D70D5F4E24B0641800675E89 /* main.m in Sources */ = {isa = PBXBuildFile; fileRef = D70D5F4D24B0641800675E89 /* main.m */; };
		D70D5F5924B0641800675E89 /* CodeGenerationToolTests.m in Sources */ = {isa = PBXBuildFile; fileRef = D70D5F5824B0641800675E89 /* CodeGenerationToolTests.m */; };
		D70D5F6424B0641800675E89 /* CodeGenerationToolUITests.m in Sources */ = {isa = PBXBuildFile; fileRef = D70D5F6324B0641800675E89 /* CodeGenerationToolUITests.m */; };
		D70D5F7B24B0655D00675E89 /* CGTBaseWindowController.m in Sources */ = {isa = PBXBuildFile; fileRef = D70D5F7924B0655D00675E89 /* CGTBaseWindowController.m */; };
		D70D5F7F24B0657700675E89 /* CGTBaseViewController.m in Sources */ = {isa = PBXBuildFile; fileRef = D70D5F7E24B0657700675E89 /* CGTBaseViewController.m */; };
		D70D5F8324B0659E00675E89 /* CGTMainWindowController.m in Sources */ = {isa = PBXBuildFile; fileRef = D70D5F8224B0659E00675E89 /* CGTMainWindowController.m */; };
		D70D5F8624B065B700675E89 /* CGTMainViewController.m in Sources */ = {isa = PBXBuildFile; fileRef = D70D5F8524B065B700675E89 /* CGTMainViewController.m */; };
		D72A36612528370700C82A44 /* CGTMouseEventViewController.m in Sources */ = {isa = PBXBuildFile; fileRef = D72A36602528370700C82A44 /* CGTMouseEventViewController.m */; };
		D72A36672528372000C82A44 /* CGTMouseEventWindowController.m in Sources */ = {isa = PBXBuildFile; fileRef = D72A36662528372000C82A44 /* CGTMouseEventWindowController.m */; };
		D72A368425283BF300C82A44 /* CGTDDCollectionViewItem.m in Sources */ = {isa = PBXBuildFile; fileRef = D72A368225283BF300C82A44 /* CGTDDCollectionViewItem.m */; };
		D752E118258856AC0054EC04 /* NSTextField+Tip.m in Sources */ = {isa = PBXBuildFile; fileRef = D752E117258856AC0054EC04 /* NSTextField+Tip.m */; };
		D752E11E25885D560054EC04 /* NSTableCellView+Tip.m in Sources */ = {isa = PBXBuildFile; fileRef = D752E11D25885D560054EC04 /* NSTableCellView+Tip.m */; };
		D7574AA424C681D800EEEA98 /* CGTUpdateView.m in Sources */ = {isa = PBXBuildFile; fileRef = D7574AA324C681D800EEEA98 /* CGTUpdateView.m */; };
		D7574AA824C6826200EEEA98 /* CGTUpdateModelLayer.m in Sources */ = {isa = PBXBuildFile; fileRef = D7574AA724C6826200EEEA98 /* CGTUpdateModelLayer.m */; };
		D7574AE724C692CD00EEEA98 /* CGTCmdTool.m in Sources */ = {isa = PBXBuildFile; fileRef = D7574AE624C692CD00EEEA98 /* CGTCmdTool.m */; };
		D793D8582526E26B00497562 /* CGTOpenglWindowController.m in Sources */ = {isa = PBXBuildFile; fileRef = D793D8572526E26B00497562 /* CGTOpenglWindowController.m */; };
		D793D85B2526E27F00497562 /* CGTOpenglViewController.m in Sources */ = {isa = PBXBuildFile; fileRef = D793D85A2526E27F00497562 /* CGTOpenglViewController.m */; };
		D7D11797251C44270019212F /* CGTDDTableViewController.m in Sources */ = {isa = PBXBuildFile; fileRef = D7D11796251C44270019212F /* CGTDDTableViewController.m */; };
		D7D1179E251C44390019212F /* CGTDDCollectionViewController.m in Sources */ = {isa = PBXBuildFile; fileRef = D7D1179C251C44390019212F /* CGTDDCollectionViewController.m */; };
		D7D117A6251C6B050019212F /* CGTDDTableWindowController.m in Sources */ = {isa = PBXBuildFile; fileRef = D7D117A5251C6B050019212F /* CGTDDTableWindowController.m */; };
		D7D117AF251C6B1B0019212F /* CGTDDCollectionWindowController.m in Sources */ = {isa = PBXBuildFile; fileRef = D7D117AE251C6B1B0019212F /* CGTDDCollectionWindowController.m */; };
		D7D117C5251C6D7B0019212F /* CGTFrameConfig.m in Sources */ = {isa = PBXBuildFile; fileRef = D7D117C4251C6D7B0019212F /* CGTFrameConfig.m */; };
		D7D117D1251C842D0019212F /* CGTInvokeConfig.m in Sources */ = {isa = PBXBuildFile; fileRef = D7D117D0251C842D0019212F /* CGTInvokeConfig.m */; };
		D7F42C1D24B2D1B300EF1C38 /* CGTMainModelLayer.m in Sources */ = {isa = PBXBuildFile; fileRef = D7F42C1C24B2D1B300EF1C38 /* CGTMainModelLayer.m */; };
		D7F42C2124B2D1C700EF1C38 /* CGTFilePathPlistMgr.m in Sources */ = {isa = PBXBuildFile; fileRef = D7F42C2024B2D1C700EF1C38 /* CGTFilePathPlistMgr.m */; };
		D7FCAFA8257BB39B00B9715E /* CGTCreateViewController.m in Sources */ = {isa = PBXBuildFile; fileRef = D7FCAFA7257BB39B00B9715E /* CGTCreateViewController.m */; };
		E75D09A20E5E8977B0F9DF16 /* Pods_CodeGenerationTool.framework in Frameworks */ = {isa = PBXBuildFile; fileRef = B187A328932D431717A2517C /* Pods_CodeGenerationTool.framework */; };
/* End PBXBuildFile section */

/* Begin PBXContainerItemProxy section */
		D70D5F5524B0641800675E89 /* PBXContainerItemProxy */ = {
			isa = PBXContainerItemProxy;
			containerPortal = D70D5F3624B0641400675E89 /* Project object */;
			proxyType = 1;
			remoteGlobalIDString = D70D5F3D24B0641400675E89;
			remoteInfo = CodeGenerationTool;
		};
		D70D5F6024B0641800675E89 /* PBXContainerItemProxy */ = {
			isa = PBXContainerItemProxy;
			containerPortal = D70D5F3624B0641400675E89 /* Project object */;
			proxyType = 1;
			remoteGlobalIDString = D70D5F3D24B0641400675E89;
			remoteInfo = CodeGenerationTool;
		};
/* End PBXContainerItemProxy section */

/* Begin PBXFileReference section */
		0421A40025C7D9B400ED0FCE /* CGTDrawHeader.h */ = {isa = PBXFileReference; lastKnownFileType = sourcecode.c.h; path = CGTDrawHeader.h; sourceTree = "<group>"; };
		0424FF7325C3DB91008607C6 /* CGTDrawModel.h */ = {isa = PBXFileReference; lastKnownFileType = sourcecode.c.h; path = CGTDrawModel.h; sourceTree = "<group>"; };
		0424FF7425C3DB91008607C6 /* CGTDrawModel.m */ = {isa = PBXFileReference; lastKnownFileType = sourcecode.c.objc; path = CGTDrawModel.m; sourceTree = "<group>"; };
		043E00F8253EEA3E0089AB8C /* NSWindowController+TitleBar.m */ = {isa = PBXFileReference; fileEncoding = 4; lastKnownFileType = sourcecode.c.objc; path = "NSWindowController+TitleBar.m"; sourceTree = "<group>"; };
		043E00F9253EEA3E0089AB8C /* NSWindowController+TitleBar.h */ = {isa = PBXFileReference; fileEncoding = 4; lastKnownFileType = sourcecode.c.h; path = "NSWindowController+TitleBar.h"; sourceTree = "<group>"; };
		043E00FE253EEA7B0089AB8C /* CommonTitleBarViewController.m */ = {isa = PBXFileReference; fileEncoding = 4; lastKnownFileType = sourcecode.c.objc; path = CommonTitleBarViewController.m; sourceTree = "<group>"; };
		043E00FF253EEA7B0089AB8C /* CommonTitleBarViewController.h */ = {isa = PBXFileReference; fileEncoding = 4; lastKnownFileType = sourcecode.c.h; path = CommonTitleBarViewController.h; sourceTree = "<group>"; };
		043E0100253EEA7B0089AB8C /* CommonTitleBarViewController.xib */ = {isa = PBXFileReference; fileEncoding = 4; lastKnownFileType = file.xib; path = CommonTitleBarViewController.xib; sourceTree = "<group>"; };
		043E0106253EEAF70089AB8C /* CommonTitleView.h */ = {isa = PBXFileReference; fileEncoding = 4; lastKnownFileType = sourcecode.c.h; path = CommonTitleView.h; sourceTree = "<group>"; };
		043E0107253EEAF70089AB8C /* CommonTitleView.m */ = {isa = PBXFileReference; fileEncoding = 4; lastKnownFileType = sourcecode.c.objc; path = CommonTitleView.m; sourceTree = "<group>"; };
		043E014A25403AED0089AB8C /* CGTCustomTextField.h */ = {isa = PBXFileReference; fileEncoding = 4; lastKnownFileType = sourcecode.c.h; path = CGTCustomTextField.h; sourceTree = "<group>"; };
		043E014B25403AED0089AB8C /* CGTCustomTextField.m */ = {isa = PBXFileReference; fileEncoding = 4; lastKnownFileType = sourcecode.c.objc; path = CGTCustomTextField.m; sourceTree = "<group>"; };
		043E015325403B570089AB8C /* CGTTitleBarViewController.m */ = {isa = PBXFileReference; fileEncoding = 4; lastKnownFileType = sourcecode.c.objc; path = CGTTitleBarViewController.m; sourceTree = "<group>"; };
		043E015425403B570089AB8C /* CGTTitleBarViewController.h */ = {isa = PBXFileReference; fileEncoding = 4; lastKnownFileType = sourcecode.c.h; path = CGTTitleBarViewController.h; sourceTree = "<group>"; };
		043E015525403B570089AB8C /* CGTTitleBarViewController.xib */ = {isa = PBXFileReference; fileEncoding = 4; lastKnownFileType = file.xib; path = CGTTitleBarViewController.xib; sourceTree = "<group>"; };
		043E015B25403B6B0089AB8C /* CGTCommonTitleView.h */ = {isa = PBXFileReference; fileEncoding = 4; lastKnownFileType = sourcecode.c.h; path = CGTCommonTitleView.h; sourceTree = "<group>"; };
		043E015C25403B6B0089AB8C /* CGTCommonTitleView.m */ = {isa = PBXFileReference; fileEncoding = 4; lastKnownFileType = sourcecode.c.objc; path = CGTCommonTitleView.m; sourceTree = "<group>"; };
		043E01902542AF040089AB8C /* CGTCustomTableHeaderCell.h */ = {isa = PBXFileReference; fileEncoding = 4; lastKnownFileType = sourcecode.c.h; path = CGTCustomTableHeaderCell.h; sourceTree = "<group>"; };
		043E01912542AF040089AB8C /* CGTCustomTableHeaderCell.m */ = {isa = PBXFileReference; fileEncoding = 4; lastKnownFileType = sourcecode.c.objc; path = CGTCustomTableHeaderCell.m; sourceTree = "<group>"; };
		043E01A22542BA130089AB8C /* CGTProcessRateTextField.h */ = {isa = PBXFileReference; lastKnownFileType = sourcecode.c.h; path = CGTProcessRateTextField.h; sourceTree = "<group>"; };
		043E01A32542BA130089AB8C /* CGTProcessRateTextField.m */ = {isa = PBXFileReference; lastKnownFileType = sourcecode.c.objc; path = CGTProcessRateTextField.m; sourceTree = "<group>"; };
		043E01AA2542BB710089AB8C /* CGTCommonDemoWindowController.h */ = {isa = PBXFileReference; lastKnownFileType = sourcecode.c.h; path = CGTCommonDemoWindowController.h; sourceTree = "<group>"; };
		043E01AB2542BB710089AB8C /* CGTCommonDemoWindowController.m */ = {isa = PBXFileReference; lastKnownFileType = sourcecode.c.objc; path = CGTCommonDemoWindowController.m; sourceTree = "<group>"; };
		043E01B32542BD480089AB8C /* CGTCommonDemoViewController.h */ = {isa = PBXFileReference; lastKnownFileType = sourcecode.c.h; path = CGTCommonDemoViewController.h; sourceTree = "<group>"; };
		043E01B42542BD480089AB8C /* CGTCommonDemoViewController.m */ = {isa = PBXFileReference; lastKnownFileType = sourcecode.c.objc; path = CGTCommonDemoViewController.m; sourceTree = "<group>"; };
		043E01B92542BF310089AB8C /* CGTProcessRateView.h */ = {isa = PBXFileReference; lastKnownFileType = sourcecode.c.h; path = CGTProcessRateView.h; sourceTree = "<group>"; };
		043E01BA2542BF310089AB8C /* CGTProcessRateView.m */ = {isa = PBXFileReference; lastKnownFileType = sourcecode.c.objc; path = CGTProcessRateView.m; sourceTree = "<group>"; };
		0440121B25398FE500798BCD /* CGTCustomScrollView.m */ = {isa = PBXFileReference; fileEncoding = 4; lastKnownFileType = sourcecode.c.objc; path = CGTCustomScrollView.m; sourceTree = "<group>"; };
		0440121C25398FE500798BCD /* CGTCustomScrollView.h */ = {isa = PBXFileReference; fileEncoding = 4; lastKnownFileType = sourcecode.c.h; path = CGTCustomScrollView.h; sourceTree = "<group>"; };
		04411A762549809D00337A41 /* CGTSecondaryViewController.h */ = {isa = PBXFileReference; lastKnownFileType = sourcecode.c.h; path = CGTSecondaryViewController.h; sourceTree = "<group>"; };
		04411A772549809D00337A41 /* CGTSecondaryViewController.m */ = {isa = PBXFileReference; lastKnownFileType = sourcecode.c.objc; path = CGTSecondaryViewController.m; sourceTree = "<group>"; };
		04465D8125A69D37009850D0 /* ProgressHUD.m */ = {isa = PBXFileReference; fileEncoding = 4; lastKnownFileType = sourcecode.c.objc; path = ProgressHUD.m; sourceTree = "<group>"; };
		04465D8225A69D37009850D0 /* ProgressHUD.h */ = {isa = PBXFileReference; fileEncoding = 4; lastKnownFileType = sourcecode.c.h; path = ProgressHUD.h; sourceTree = "<group>"; };
		0455703D2703FFC90024C32C /* CGTChessmanBean.h */ = {isa = PBXFileReference; lastKnownFileType = sourcecode.c.h; path = CGTChessmanBean.h; sourceTree = "<group>"; };
		0455703E2703FFC90024C32C /* CGTChessmanBean.m */ = {isa = PBXFileReference; lastKnownFileType = sourcecode.c.objc; path = CGTChessmanBean.m; sourceTree = "<group>"; };
		046DB649271436A600673633 /* CGTSGFFileReader.h */ = {isa = PBXFileReference; lastKnownFileType = sourcecode.c.h; path = CGTSGFFileReader.h; sourceTree = "<group>"; };
		046DB64A271436A600673633 /* CGTSGFFileReader.m */ = {isa = PBXFileReference; lastKnownFileType = sourcecode.c.objc; path = CGTSGFFileReader.m; sourceTree = "<group>"; };
		046DB64F2714370600673633 /* CGTSGFNode.h */ = {isa = PBXFileReference; lastKnownFileType = sourcecode.c.h; path = CGTSGFNode.h; sourceTree = "<group>"; };
		046DB6502714370600673633 /* CGTSGFNode.m */ = {isa = PBXFileReference; lastKnownFileType = sourcecode.c.objc; path = CGTSGFNode.m; sourceTree = "<group>"; };
		046DB69127182C0600673633 /* CGTChessmanStep.h */ = {isa = PBXFileReference; lastKnownFileType = sourcecode.c.h; path = CGTChessmanStep.h; sourceTree = "<group>"; };
		046DB69227182C0600673633 /* CGTChessmanStep.m */ = {isa = PBXFileReference; lastKnownFileType = sourcecode.c.objc; path = CGTChessmanStep.m; sourceTree = "<group>"; };
		046DB6D42726A7AD00673633 /* CGTWeiQiCTest.h */ = {isa = PBXFileReference; fileEncoding = 4; lastKnownFileType = sourcecode.c.h; path = CGTWeiQiCTest.h; sourceTree = "<group>"; };
		046DB6D52726A7AD00673633 /* GoRule.h */ = {isa = PBXFileReference; fileEncoding = 4; lastKnownFileType = sourcecode.c.h; path = GoRule.h; sourceTree = "<group>"; };
		046DB6D62726A7AD00673633 /* CGTWeiQiCTest.m */ = {isa = PBXFileReference; fileEncoding = 4; lastKnownFileType = sourcecode.c.objc; path = CGTWeiQiCTest.m; sourceTree = "<group>"; };
		046DB6D72726A7AD00673633 /* GoRule.c */ = {isa = PBXFileReference; fileEncoding = 4; lastKnownFileType = sourcecode.c.c; path = GoRule.c; sourceTree = "<group>"; };
		046DB71D2726B2B400673633 /* 跨平台编译相关.md */ = {isa = PBXFileReference; fileEncoding = 4; lastKnownFileType = net.daringfireball.markdown; path = "跨平台编译相关.md"; sourceTree = "<group>"; };
		046DB71F2726B2B400673633 /* Android.mk */ = {isa = PBXFileReference; fileEncoding = 4; lastKnownFileType = text; path = Android.mk; sourceTree = "<group>"; };
		046DB7202726B2B400673633 /* Application.mk */ = {isa = PBXFileReference; fileEncoding = 4; lastKnownFileType = text; path = Application.mk; sourceTree = "<group>"; };
		04729F4E26FDB31F00466E62 /* CGTWeiQiWindowController.h */ = {isa = PBXFileReference; lastKnownFileType = sourcecode.c.h; path = CGTWeiQiWindowController.h; sourceTree = "<group>"; };
		04729F4F26FDB31F00466E62 /* CGTWeiQiWindowController.m */ = {isa = PBXFileReference; lastKnownFileType = sourcecode.c.objc; path = CGTWeiQiWindowController.m; sourceTree = "<group>"; };
		04729F5426FDB35F00466E62 /* CGTWeiQiViewController.h */ = {isa = PBXFileReference; lastKnownFileType = sourcecode.c.h; path = CGTWeiQiViewController.h; sourceTree = "<group>"; };
		04729F5526FDB35F00466E62 /* CGTWeiQiViewController.m */ = {isa = PBXFileReference; lastKnownFileType = sourcecode.c.objc; path = CGTWeiQiViewController.m; sourceTree = "<group>"; };
		04729F5A2700024E00466E62 /* CGTWeiQiBoardView.h */ = {isa = PBXFileReference; lastKnownFileType = sourcecode.c.h; path = CGTWeiQiBoardView.h; sourceTree = "<group>"; };
		04729F5B2700024E00466E62 /* CGTWeiQiBoardView.m */ = {isa = PBXFileReference; lastKnownFileType = sourcecode.c.objc; path = CGTWeiQiBoardView.m; sourceTree = "<group>"; };
		04729F602700123500466E62 /* CGTWeiQiModelLayer.h */ = {isa = PBXFileReference; lastKnownFileType = sourcecode.c.h; path = CGTWeiQiModelLayer.h; sourceTree = "<group>"; };
		04729F612700123500466E62 /* CGTWeiQiModelLayer.m */ = {isa = PBXFileReference; lastKnownFileType = sourcecode.c.objc; path = CGTWeiQiModelLayer.m; sourceTree = "<group>"; };
		04765099259DBA5B0006F3FC /* CustomButton.m */ = {isa = PBXFileReference; fileEncoding = 4; lastKnownFileType = sourcecode.c.objc; path = CustomButton.m; sourceTree = "<group>"; };
		0476509A259DBA5B0006F3FC /* CustomButton.h */ = {isa = PBXFileReference; fileEncoding = 4; lastKnownFileType = sourcecode.c.h; path = CustomButton.h; sourceTree = "<group>"; };
		04AE731C25F223E50057F3B6 /* CGTExcelWindowController.h */ = {isa = PBXFileReference; lastKnownFileType = sourcecode.c.h; path = CGTExcelWindowController.h; sourceTree = "<group>"; };
		04AE731D25F223E50057F3B6 /* CGTExcelWindowController.m */ = {isa = PBXFileReference; lastKnownFileType = sourcecode.c.objc; path = CGTExcelWindowController.m; sourceTree = "<group>"; };
		04AE732525F223FB0057F3B6 /* CGTExcelViewController.h */ = {isa = PBXFileReference; lastKnownFileType = sourcecode.c.h; path = CGTExcelViewController.h; sourceTree = "<group>"; };
		04AE732625F223FB0057F3B6 /* CGTExcelViewController.m */ = {isa = PBXFileReference; lastKnownFileType = sourcecode.c.objc; path = CGTExcelViewController.m; sourceTree = "<group>"; };
		04AE732B25F225E00057F3B6 /* ClassInfo.plist */ = {isa = PBXFileReference; fileEncoding = 4; lastKnownFileType = text.plist.xml; path = ClassInfo.plist; sourceTree = "<group>"; };
		04AE738325F6133D0057F3B6 /* CGTExcelModel.h */ = {isa = PBXFileReference; lastKnownFileType = sourcecode.c.h; path = CGTExcelModel.h; sourceTree = "<group>"; };
		04AE738425F6133D0057F3B6 /* CGTExcelModel.m */ = {isa = PBXFileReference; lastKnownFileType = sourcecode.c.objc; path = CGTExcelModel.m; sourceTree = "<group>"; };
		04AE738925F86A150057F3B6 /* CGTTestModalWindowController.h */ = {isa = PBXFileReference; lastKnownFileType = sourcecode.c.h; path = CGTTestModalWindowController.h; sourceTree = "<group>"; };
		04AE738A25F86A150057F3B6 /* CGTTestModalWindowController.m */ = {isa = PBXFileReference; lastKnownFileType = sourcecode.c.objc; path = CGTTestModalWindowController.m; sourceTree = "<group>"; };
		04AE739B25FA1D960057F3B6 /* NSBezierPath+CGPath.h */ = {isa = PBXFileReference; lastKnownFileType = sourcecode.c.h; path = "NSBezierPath+CGPath.h"; sourceTree = "<group>"; };
		04AE739C25FA1D960057F3B6 /* NSBezierPath+CGPath.m */ = {isa = PBXFileReference; lastKnownFileType = sourcecode.c.objc; path = "NSBezierPath+CGPath.m"; sourceTree = "<group>"; };
		04D496BB25BEDD4C007A0157 /* CGTDrawWindowController.h */ = {isa = PBXFileReference; lastKnownFileType = sourcecode.c.h; path = CGTDrawWindowController.h; sourceTree = "<group>"; };
		04D496BC25BEDD4C007A0157 /* CGTDrawWindowController.m */ = {isa = PBXFileReference; lastKnownFileType = sourcecode.c.objc; path = CGTDrawWindowController.m; sourceTree = "<group>"; };
		04D496C425BEDD58007A0157 /* CGTDrawViewController.h */ = {isa = PBXFileReference; lastKnownFileType = sourcecode.c.h; path = CGTDrawViewController.h; sourceTree = "<group>"; };
		04D496C525BEDD58007A0157 /* CGTDrawViewController.m */ = {isa = PBXFileReference; lastKnownFileType = sourcecode.c.objc; path = CGTDrawViewController.m; sourceTree = "<group>"; };
		04D496D025BFBD24007A0157 /* CGTDrawView.h */ = {isa = PBXFileReference; lastKnownFileType = sourcecode.c.h; path = CGTDrawView.h; sourceTree = "<group>"; };
		04D496D125BFBD24007A0157 /* CGTDrawView.m */ = {isa = PBXFileReference; lastKnownFileType = sourcecode.c.objc; path = CGTDrawView.m; sourceTree = "<group>"; };
		04D496E025BFE520007A0157 /* CustomDrawingTools.h */ = {isa = PBXFileReference; fileEncoding = 4; lastKnownFileType = sourcecode.c.h; path = CustomDrawingTools.h; sourceTree = "<group>"; };
		04D496E125BFE521007A0157 /* CustomDrawingTools.m */ = {isa = PBXFileReference; fileEncoding = 4; lastKnownFileType = sourcecode.c.objc; path = CustomDrawingTools.m; sourceTree = "<group>"; };
		04D496EA25BFFE7B007A0157 /* CGTDrawLayer.h */ = {isa = PBXFileReference; lastKnownFileType = sourcecode.c.h; path = CGTDrawLayer.h; sourceTree = "<group>"; };
		04D496EB25BFFE7B007A0157 /* CGTDrawLayer.m */ = {isa = PBXFileReference; lastKnownFileType = sourcecode.c.objc; path = CGTDrawLayer.m; sourceTree = "<group>"; };
		04F197FD26B7E7AE0047A022 /* NSImageView+MouseEvent.h */ = {isa = PBXFileReference; lastKnownFileType = sourcecode.c.h; path = "NSImageView+MouseEvent.h"; sourceTree = "<group>"; };
		04F197FE26B7E7AE0047A022 /* NSImageView+MouseEvent.m */ = {isa = PBXFileReference; lastKnownFileType = sourcecode.c.objc; path = "NSImageView+MouseEvent.m"; sourceTree = "<group>"; };
		1C5AAB70915A693E8B031E33 /* Pods-CodeGenerationTool.release.xcconfig */ = {isa = PBXFileReference; includeInIndex = 1; lastKnownFileType = text.xcconfig; name = "Pods-CodeGenerationTool.release.xcconfig"; path = "Target Support Files/Pods-CodeGenerationTool/Pods-CodeGenerationTool.release.xcconfig"; sourceTree = "<group>"; };
		3B86CFA6999CA1026AA62E68 /* Pods_CodeGenerationToolTests.framework */ = {isa = PBXFileReference; explicitFileType = wrapper.framework; includeInIndex = 0; path = Pods_CodeGenerationToolTests.framework; sourceTree = BUILT_PRODUCTS_DIR; };
		6B30D908BD2AEBA57070A513 /* Pods-CodeGenerationTool-CodeGenerationToolUITests.release.xcconfig */ = {isa = PBXFileReference; includeInIndex = 1; lastKnownFileType = text.xcconfig; name = "Pods-CodeGenerationTool-CodeGenerationToolUITests.release.xcconfig"; path = "Target Support Files/Pods-CodeGenerationTool-CodeGenerationToolUITests/Pods-CodeGenerationTool-CodeGenerationToolUITests.release.xcconfig"; sourceTree = "<group>"; };
		714A04910DB9E1F2EDC440A1 /* Pods-CodeGenerationTool-CodeGenerationToolUITests.debug.xcconfig */ = {isa = PBXFileReference; includeInIndex = 1; lastKnownFileType = text.xcconfig; name = "Pods-CodeGenerationTool-CodeGenerationToolUITests.debug.xcconfig"; path = "Target Support Files/Pods-CodeGenerationTool-CodeGenerationToolUITests/Pods-CodeGenerationTool-CodeGenerationToolUITests.debug.xcconfig"; sourceTree = "<group>"; };
		7157C1C24A046B11838466DE /* Pods_CodeGenerationTool_CodeGenerationToolUITests.framework */ = {isa = PBXFileReference; explicitFileType = wrapper.framework; includeInIndex = 0; path = Pods_CodeGenerationTool_CodeGenerationToolUITests.framework; sourceTree = BUILT_PRODUCTS_DIR; };
		9A89E47EAFEFD119815F8FA6 /* Pods-CodeGenerationTool.debug.xcconfig */ = {isa = PBXFileReference; includeInIndex = 1; lastKnownFileType = text.xcconfig; name = "Pods-CodeGenerationTool.debug.xcconfig"; path = "Target Support Files/Pods-CodeGenerationTool/Pods-CodeGenerationTool.debug.xcconfig"; sourceTree = "<group>"; };
		B187A328932D431717A2517C /* Pods_CodeGenerationTool.framework */ = {isa = PBXFileReference; explicitFileType = wrapper.framework; includeInIndex = 0; path = Pods_CodeGenerationTool.framework; sourceTree = BUILT_PRODUCTS_DIR; };
		D704CD75257B5451003DC276 /* CGTFileModelLayer.h */ = {isa = PBXFileReference; lastKnownFileType = sourcecode.c.h; path = CGTFileModelLayer.h; sourceTree = "<group>"; };
		D704CD76257B5451003DC276 /* CGTFileModelLayer.m */ = {isa = PBXFileReference; lastKnownFileType = sourcecode.c.objc; path = CGTFileModelLayer.m; sourceTree = "<group>"; };
		D70D5F3E24B0641400675E89 /* CodeGenerationTool.app */ = {isa = PBXFileReference; explicitFileType = wrapper.application; includeInIndex = 0; path = CodeGenerationTool.app; sourceTree = BUILT_PRODUCTS_DIR; };
		D70D5F4124B0641400675E89 /* AppDelegate.h */ = {isa = PBXFileReference; lastKnownFileType = sourcecode.c.h; path = AppDelegate.h; sourceTree = "<group>"; };
		D70D5F4224B0641400675E89 /* AppDelegate.m */ = {isa = PBXFileReference; lastKnownFileType = sourcecode.c.objc; path = AppDelegate.m; sourceTree = "<group>"; };
		D70D5F4724B0641800675E89 /* Assets.xcassets */ = {isa = PBXFileReference; lastKnownFileType = folder.assetcatalog; path = Assets.xcassets; sourceTree = "<group>"; };
		D70D5F4A24B0641800675E89 /* Base */ = {isa = PBXFileReference; lastKnownFileType = file.storyboard; name = Base; path = Base.lproj/Main.storyboard; sourceTree = "<group>"; };
		D70D5F4C24B0641800675E89 /* Info.plist */ = {isa = PBXFileReference; lastKnownFileType = text.plist.xml; path = Info.plist; sourceTree = "<group>"; };
		D70D5F4D24B0641800675E89 /* main.m */ = {isa = PBXFileReference; lastKnownFileType = sourcecode.c.objc; path = main.m; sourceTree = "<group>"; };
		D70D5F4F24B0641800675E89 /* CodeGenerationTool.entitlements */ = {isa = PBXFileReference; lastKnownFileType = text.plist.entitlements; path = CodeGenerationTool.entitlements; sourceTree = "<group>"; };
		D70D5F5424B0641800675E89 /* CodeGenerationToolTests.xctest */ = {isa = PBXFileReference; explicitFileType = wrapper.cfbundle; includeInIndex = 0; path = CodeGenerationToolTests.xctest; sourceTree = BUILT_PRODUCTS_DIR; };
		D70D5F5824B0641800675E89 /* CodeGenerationToolTests.m */ = {isa = PBXFileReference; lastKnownFileType = sourcecode.c.objc; path = CodeGenerationToolTests.m; sourceTree = "<group>"; };
		D70D5F5A24B0641800675E89 /* Info.plist */ = {isa = PBXFileReference; lastKnownFileType = text.plist.xml; path = Info.plist; sourceTree = "<group>"; };
		D70D5F5F24B0641800675E89 /* CodeGenerationToolUITests.xctest */ = {isa = PBXFileReference; explicitFileType = wrapper.cfbundle; includeInIndex = 0; path = CodeGenerationToolUITests.xctest; sourceTree = BUILT_PRODUCTS_DIR; };
		D70D5F6324B0641800675E89 /* CodeGenerationToolUITests.m */ = {isa = PBXFileReference; lastKnownFileType = sourcecode.c.objc; path = CodeGenerationToolUITests.m; sourceTree = "<group>"; };
		D70D5F6524B0641800675E89 /* Info.plist */ = {isa = PBXFileReference; lastKnownFileType = text.plist.xml; path = Info.plist; sourceTree = "<group>"; };
		D70D5F7824B0655D00675E89 /* CGTBaseWindowController.h */ = {isa = PBXFileReference; lastKnownFileType = sourcecode.c.h; path = CGTBaseWindowController.h; sourceTree = "<group>"; };
		D70D5F7924B0655D00675E89 /* CGTBaseWindowController.m */ = {isa = PBXFileReference; lastKnownFileType = sourcecode.c.objc; path = CGTBaseWindowController.m; sourceTree = "<group>"; };
		D70D5F7D24B0657700675E89 /* CGTBaseViewController.h */ = {isa = PBXFileReference; lastKnownFileType = sourcecode.c.h; path = CGTBaseViewController.h; sourceTree = "<group>"; };
		D70D5F7E24B0657700675E89 /* CGTBaseViewController.m */ = {isa = PBXFileReference; lastKnownFileType = sourcecode.c.objc; path = CGTBaseViewController.m; sourceTree = "<group>"; };
		D70D5F8124B0659E00675E89 /* CGTMainWindowController.h */ = {isa = PBXFileReference; lastKnownFileType = sourcecode.c.h; path = CGTMainWindowController.h; sourceTree = "<group>"; };
		D70D5F8224B0659E00675E89 /* CGTMainWindowController.m */ = {isa = PBXFileReference; lastKnownFileType = sourcecode.c.objc; path = CGTMainWindowController.m; sourceTree = "<group>"; };
		D70D5F8424B065B700675E89 /* CGTMainViewController.h */ = {isa = PBXFileReference; lastKnownFileType = sourcecode.c.h; path = CGTMainViewController.h; sourceTree = "<group>"; };
		D70D5F8524B065B700675E89 /* CGTMainViewController.m */ = {isa = PBXFileReference; lastKnownFileType = sourcecode.c.objc; path = CGTMainViewController.m; sourceTree = "<group>"; };
		D70D5F8724B2B46C00675E89 /* CGTPrefixHeader.pch */ = {isa = PBXFileReference; lastKnownFileType = sourcecode.c.h; path = CGTPrefixHeader.pch; sourceTree = "<group>"; };
		D72A365F2528370700C82A44 /* CGTMouseEventViewController.h */ = {isa = PBXFileReference; lastKnownFileType = sourcecode.c.h; path = CGTMouseEventViewController.h; sourceTree = "<group>"; };
		D72A36602528370700C82A44 /* CGTMouseEventViewController.m */ = {isa = PBXFileReference; lastKnownFileType = sourcecode.c.objc; path = CGTMouseEventViewController.m; sourceTree = "<group>"; };
		D72A36652528372000C82A44 /* CGTMouseEventWindowController.h */ = {isa = PBXFileReference; lastKnownFileType = sourcecode.c.h; path = CGTMouseEventWindowController.h; sourceTree = "<group>"; };
		D72A36662528372000C82A44 /* CGTMouseEventWindowController.m */ = {isa = PBXFileReference; lastKnownFileType = sourcecode.c.objc; path = CGTMouseEventWindowController.m; sourceTree = "<group>"; };
		D72A368125283BF300C82A44 /* CGTDDCollectionViewItem.h */ = {isa = PBXFileReference; lastKnownFileType = sourcecode.c.h; path = CGTDDCollectionViewItem.h; sourceTree = "<group>"; };
		D72A368225283BF300C82A44 /* CGTDDCollectionViewItem.m */ = {isa = PBXFileReference; lastKnownFileType = sourcecode.c.objc; path = CGTDDCollectionViewItem.m; sourceTree = "<group>"; };
		D752E116258856AC0054EC04 /* NSTextField+Tip.h */ = {isa = PBXFileReference; lastKnownFileType = sourcecode.c.h; path = "NSTextField+Tip.h"; sourceTree = "<group>"; };
		D752E117258856AC0054EC04 /* NSTextField+Tip.m */ = {isa = PBXFileReference; lastKnownFileType = sourcecode.c.objc; path = "NSTextField+Tip.m"; sourceTree = "<group>"; };
		D752E11C25885D560054EC04 /* NSTableCellView+Tip.h */ = {isa = PBXFileReference; lastKnownFileType = sourcecode.c.h; path = "NSTableCellView+Tip.h"; sourceTree = "<group>"; };
		D752E11D25885D560054EC04 /* NSTableCellView+Tip.m */ = {isa = PBXFileReference; lastKnownFileType = sourcecode.c.objc; path = "NSTableCellView+Tip.m"; sourceTree = "<group>"; };
		D7574AA224C681D800EEEA98 /* CGTUpdateView.h */ = {isa = PBXFileReference; lastKnownFileType = sourcecode.c.h; path = CGTUpdateView.h; sourceTree = "<group>"; };
		D7574AA324C681D800EEEA98 /* CGTUpdateView.m */ = {isa = PBXFileReference; lastKnownFileType = sourcecode.c.objc; path = CGTUpdateView.m; sourceTree = "<group>"; };
		D7574AA624C6826200EEEA98 /* CGTUpdateModelLayer.h */ = {isa = PBXFileReference; lastKnownFileType = sourcecode.c.h; path = CGTUpdateModelLayer.h; sourceTree = "<group>"; };
		D7574AA724C6826200EEEA98 /* CGTUpdateModelLayer.m */ = {isa = PBXFileReference; lastKnownFileType = sourcecode.c.objc; path = CGTUpdateModelLayer.m; sourceTree = "<group>"; };
		D7574AE524C692CD00EEEA98 /* CGTCmdTool.h */ = {isa = PBXFileReference; lastKnownFileType = sourcecode.c.h; path = CGTCmdTool.h; sourceTree = "<group>"; };
		D7574AE624C692CD00EEEA98 /* CGTCmdTool.m */ = {isa = PBXFileReference; lastKnownFileType = sourcecode.c.objc; path = CGTCmdTool.m; sourceTree = "<group>"; };
		D793D8562526E26B00497562 /* CGTOpenglWindowController.h */ = {isa = PBXFileReference; lastKnownFileType = sourcecode.c.h; path = CGTOpenglWindowController.h; sourceTree = "<group>"; };
		D793D8572526E26B00497562 /* CGTOpenglWindowController.m */ = {isa = PBXFileReference; lastKnownFileType = sourcecode.c.objc; path = CGTOpenglWindowController.m; sourceTree = "<group>"; };
		D793D8592526E27F00497562 /* CGTOpenglViewController.h */ = {isa = PBXFileReference; lastKnownFileType = sourcecode.c.h; path = CGTOpenglViewController.h; sourceTree = "<group>"; };
		D793D85A2526E27F00497562 /* CGTOpenglViewController.m */ = {isa = PBXFileReference; lastKnownFileType = sourcecode.c.objc; path = CGTOpenglViewController.m; sourceTree = "<group>"; };
		D7D11795251C44270019212F /* CGTDDTableViewController.h */ = {isa = PBXFileReference; lastKnownFileType = sourcecode.c.h; path = CGTDDTableViewController.h; sourceTree = "<group>"; };
		D7D11796251C44270019212F /* CGTDDTableViewController.m */ = {isa = PBXFileReference; lastKnownFileType = sourcecode.c.objc; path = CGTDDTableViewController.m; sourceTree = "<group>"; };
		D7D1179B251C44390019212F /* CGTDDCollectionViewController.h */ = {isa = PBXFileReference; lastKnownFileType = sourcecode.c.h; path = CGTDDCollectionViewController.h; sourceTree = "<group>"; };
		D7D1179C251C44390019212F /* CGTDDCollectionViewController.m */ = {isa = PBXFileReference; lastKnownFileType = sourcecode.c.objc; path = CGTDDCollectionViewController.m; sourceTree = "<group>"; };
		D7D117A4251C6B050019212F /* CGTDDTableWindowController.h */ = {isa = PBXFileReference; lastKnownFileType = sourcecode.c.h; path = CGTDDTableWindowController.h; sourceTree = "<group>"; };
		D7D117A5251C6B050019212F /* CGTDDTableWindowController.m */ = {isa = PBXFileReference; lastKnownFileType = sourcecode.c.objc; path = CGTDDTableWindowController.m; sourceTree = "<group>"; };
		D7D117AD251C6B1B0019212F /* CGTDDCollectionWindowController.h */ = {isa = PBXFileReference; lastKnownFileType = sourcecode.c.h; path = CGTDDCollectionWindowController.h; sourceTree = "<group>"; };
		D7D117AE251C6B1B0019212F /* CGTDDCollectionWindowController.m */ = {isa = PBXFileReference; lastKnownFileType = sourcecode.c.objc; path = CGTDDCollectionWindowController.m; sourceTree = "<group>"; };
		D7D117C3251C6D7B0019212F /* CGTFrameConfig.h */ = {isa = PBXFileReference; lastKnownFileType = sourcecode.c.h; path = CGTFrameConfig.h; sourceTree = "<group>"; };
		D7D117C4251C6D7B0019212F /* CGTFrameConfig.m */ = {isa = PBXFileReference; lastKnownFileType = sourcecode.c.objc; path = CGTFrameConfig.m; sourceTree = "<group>"; };
		D7D117CF251C842D0019212F /* CGTInvokeConfig.h */ = {isa = PBXFileReference; lastKnownFileType = sourcecode.c.h; path = CGTInvokeConfig.h; sourceTree = "<group>"; };
		D7D117D0251C842D0019212F /* CGTInvokeConfig.m */ = {isa = PBXFileReference; lastKnownFileType = sourcecode.c.objc; path = CGTInvokeConfig.m; sourceTree = "<group>"; };
		D7F42C1824B2C3A500EF1C38 /* CGTColorDefine.h */ = {isa = PBXFileReference; lastKnownFileType = sourcecode.c.h; path = CGTColorDefine.h; sourceTree = "<group>"; };
		D7F42C1B24B2D1B300EF1C38 /* CGTMainModelLayer.h */ = {isa = PBXFileReference; lastKnownFileType = sourcecode.c.h; path = CGTMainModelLayer.h; sourceTree = "<group>"; };
		D7F42C1C24B2D1B300EF1C38 /* CGTMainModelLayer.m */ = {isa = PBXFileReference; lastKnownFileType = sourcecode.c.objc; path = CGTMainModelLayer.m; sourceTree = "<group>"; };
		D7F42C1F24B2D1C700EF1C38 /* CGTFilePathPlistMgr.h */ = {isa = PBXFileReference; lastKnownFileType = sourcecode.c.h; path = CGTFilePathPlistMgr.h; sourceTree = "<group>"; };
		D7F42C2024B2D1C700EF1C38 /* CGTFilePathPlistMgr.m */ = {isa = PBXFileReference; lastKnownFileType = sourcecode.c.objc; path = CGTFilePathPlistMgr.m; sourceTree = "<group>"; };
		D7FCAFA6257BB39B00B9715E /* CGTCreateViewController.h */ = {isa = PBXFileReference; lastKnownFileType = sourcecode.c.h; path = CGTCreateViewController.h; sourceTree = "<group>"; };
		D7FCAFA7257BB39B00B9715E /* CGTCreateViewController.m */ = {isa = PBXFileReference; lastKnownFileType = sourcecode.c.objc; path = CGTCreateViewController.m; sourceTree = "<group>"; };
		E734CF580DA38A2E089EF96C /* Pods-CodeGenerationToolTests.release.xcconfig */ = {isa = PBXFileReference; includeInIndex = 1; lastKnownFileType = text.xcconfig; name = "Pods-CodeGenerationToolTests.release.xcconfig"; path = "Target Support Files/Pods-CodeGenerationToolTests/Pods-CodeGenerationToolTests.release.xcconfig"; sourceTree = "<group>"; };
		E9402F7BDF328AA0417A7BAE /* Pods-CodeGenerationToolTests.debug.xcconfig */ = {isa = PBXFileReference; includeInIndex = 1; lastKnownFileType = text.xcconfig; name = "Pods-CodeGenerationToolTests.debug.xcconfig"; path = "Target Support Files/Pods-CodeGenerationToolTests/Pods-CodeGenerationToolTests.debug.xcconfig"; sourceTree = "<group>"; };
/* End PBXFileReference section */

/* Begin PBXFrameworksBuildPhase section */
		D70D5F3B24B0641400675E89 /* Frameworks */ = {
			isa = PBXFrameworksBuildPhase;
			buildActionMask = 2147483647;
			files = (
				E75D09A20E5E8977B0F9DF16 /* Pods_CodeGenerationTool.framework in Frameworks */,
			);
			runOnlyForDeploymentPostprocessing = 0;
		};
		D70D5F5124B0641800675E89 /* Frameworks */ = {
			isa = PBXFrameworksBuildPhase;
			buildActionMask = 2147483647;
			files = (
				A47A75996D596E4CF449CEBC /* Pods_CodeGenerationToolTests.framework in Frameworks */,
			);
			runOnlyForDeploymentPostprocessing = 0;
		};
		D70D5F5C24B0641800675E89 /* Frameworks */ = {
			isa = PBXFrameworksBuildPhase;
			buildActionMask = 2147483647;
			files = (
				43C11816E38B44FB1932AEC9 /* Pods_CodeGenerationTool_CodeGenerationToolUITests.framework in Frameworks */,
			);
			runOnlyForDeploymentPostprocessing = 0;
		};
/* End PBXFrameworksBuildPhase section */

/* Begin PBXGroup section */
		043E010C253EEB380089AB8C /* View */ = {
			isa = PBXGroup;
			children = (
				043E0106253EEAF70089AB8C /* CommonTitleView.h */,
				043E0107253EEAF70089AB8C /* CommonTitleView.m */,
			);
			path = View;
			sourceTree = "<group>";
		};
		043E01A82542BB2D0089AB8C /* CommonDemo */ = {
			isa = PBXGroup;
			children = (
				043E01A92542BB590089AB8C /* Controller */,
			);
			path = CommonDemo;
			sourceTree = "<group>";
		};
		043E01A92542BB590089AB8C /* Controller */ = {
			isa = PBXGroup;
			children = (
				043E01AA2542BB710089AB8C /* CGTCommonDemoWindowController.h */,
				043E01AB2542BB710089AB8C /* CGTCommonDemoWindowController.m */,
				043E01B32542BD480089AB8C /* CGTCommonDemoViewController.h */,
				043E01B42542BD480089AB8C /* CGTCommonDemoViewController.m */,
				04AE738925F86A150057F3B6 /* CGTTestModalWindowController.h */,
				04AE738A25F86A150057F3B6 /* CGTTestModalWindowController.m */,
			);
			path = Controller;
			sourceTree = "<group>";
		};
		044011F92539684300798BCD /* View */ = {
			isa = PBXGroup;
			children = (
				043E015B25403B6B0089AB8C /* CGTCommonTitleView.h */,
				043E015C25403B6B0089AB8C /* CGTCommonTitleView.m */,
			);
			path = View;
			sourceTree = "<group>";
		};
		0440121A25398FD600798BCD /* View */ = {
			isa = PBXGroup;
			children = (
				0476509A259DBA5B0006F3FC /* CustomButton.h */,
				04765099259DBA5B0006F3FC /* CustomButton.m */,
				0440121C25398FE500798BCD /* CGTCustomScrollView.h */,
				0440121B25398FE500798BCD /* CGTCustomScrollView.m */,
				043E014A25403AED0089AB8C /* CGTCustomTextField.h */,
				043E014B25403AED0089AB8C /* CGTCustomTextField.m */,
				043E01902542AF040089AB8C /* CGTCustomTableHeaderCell.h */,
				043E01912542AF040089AB8C /* CGTCustomTableHeaderCell.m */,
				043E01A22542BA130089AB8C /* CGTProcessRateTextField.h */,
				043E01A32542BA130089AB8C /* CGTProcessRateTextField.m */,
				043E01B92542BF310089AB8C /* CGTProcessRateView.h */,
				043E01BA2542BF310089AB8C /* CGTProcessRateView.m */,
				04465D8225A69D37009850D0 /* ProgressHUD.h */,
				04465D8125A69D37009850D0 /* ProgressHUD.m */,
			);
			path = View;
			sourceTree = "<group>";
		};
		046DB6D32726A7AD00673633 /* CDemo */ = {
			isa = PBXGroup;
			children = (
				046DB6D42726A7AD00673633 /* CGTWeiQiCTest.h */,
				046DB6D62726A7AD00673633 /* CGTWeiQiCTest.m */,
				046DB6D52726A7AD00673633 /* GoRule.h */,
				046DB6D72726A7AD00673633 /* GoRule.c */,
			);
			path = CDemo;
			sourceTree = "<group>";
		};
		046DB71C2726B2B400673633 /* 跨平台编译 */ = {
			isa = PBXGroup;
			children = (
				046DB71D2726B2B400673633 /* 跨平台编译相关.md */,
				046DB71E2726B2B400673633 /* jni */,
			);
			name = "跨平台编译";
			path = "CodeGenerationTool/跨平台编译";
			sourceTree = SOURCE_ROOT;
		};
		046DB71E2726B2B400673633 /* jni */ = {
			isa = PBXGroup;
			children = (
				046DB71F2726B2B400673633 /* Android.mk */,
				046DB7202726B2B400673633 /* Application.mk */,
			);
			path = jni;
			sourceTree = "<group>";
		};
		04729F4A26FDB2D500466E62 /* GoPlay */ = {
			isa = PBXGroup;
			children = (
				046DB6D32726A7AD00673633 /* CDemo */,
				04729F4B26FDB2D500466E62 /* Controller */,
				04729F4C26FDB2D500466E62 /* Model */,
				04729F4D26FDB2D500466E62 /* View */,
			);
			path = GoPlay;
			sourceTree = "<group>";
		};
		04729F4B26FDB2D500466E62 /* Controller */ = {
			isa = PBXGroup;
			children = (
				04729F4E26FDB31F00466E62 /* CGTWeiQiWindowController.h */,
				04729F4F26FDB31F00466E62 /* CGTWeiQiWindowController.m */,
				04729F5426FDB35F00466E62 /* CGTWeiQiViewController.h */,
				04729F5526FDB35F00466E62 /* CGTWeiQiViewController.m */,
			);
			path = Controller;
			sourceTree = "<group>";
		};
		04729F4C26FDB2D500466E62 /* Model */ = {
			isa = PBXGroup;
			children = (
				04729F602700123500466E62 /* CGTWeiQiModelLayer.h */,
				04729F612700123500466E62 /* CGTWeiQiModelLayer.m */,
				0455703D2703FFC90024C32C /* CGTChessmanBean.h */,
				0455703E2703FFC90024C32C /* CGTChessmanBean.m */,
				046DB649271436A600673633 /* CGTSGFFileReader.h */,
				046DB64A271436A600673633 /* CGTSGFFileReader.m */,
				046DB64F2714370600673633 /* CGTSGFNode.h */,
				046DB6502714370600673633 /* CGTSGFNode.m */,
				046DB69127182C0600673633 /* CGTChessmanStep.h */,
				046DB69227182C0600673633 /* CGTChessmanStep.m */,
			);
			path = Model;
			sourceTree = "<group>";
		};
		04729F4D26FDB2D500466E62 /* View */ = {
			isa = PBXGroup;
			children = (
				04729F5A2700024E00466E62 /* CGTWeiQiBoardView.h */,
				04729F5B2700024E00466E62 /* CGTWeiQiBoardView.m */,
			);
			path = View;
			sourceTree = "<group>";
		};
		04AE731825F223C70057F3B6 /* Excel */ = {
			isa = PBXGroup;
			children = (
				04AE731925F223C70057F3B6 /* Controller */,
				04AE731A25F223C70057F3B6 /* Model */,
				04AE731B25F223C70057F3B6 /* View */,
			);
			path = Excel;
			sourceTree = "<group>";
		};
		04AE731925F223C70057F3B6 /* Controller */ = {
			isa = PBXGroup;
			children = (
				04AE731C25F223E50057F3B6 /* CGTExcelWindowController.h */,
				04AE731D25F223E50057F3B6 /* CGTExcelWindowController.m */,
				04AE732525F223FB0057F3B6 /* CGTExcelViewController.h */,
				04AE732625F223FB0057F3B6 /* CGTExcelViewController.m */,
			);
			path = Controller;
			sourceTree = "<group>";
		};
		04AE731A25F223C70057F3B6 /* Model */ = {
			isa = PBXGroup;
			children = (
				04AE738325F6133D0057F3B6 /* CGTExcelModel.h */,
				04AE738425F6133D0057F3B6 /* CGTExcelModel.m */,
			);
			path = Model;
			sourceTree = "<group>";
		};
		04AE731B25F223C70057F3B6 /* View */ = {
			isa = PBXGroup;
			children = (
			);
			path = View;
			sourceTree = "<group>";
		};
		04D496B925BEDD19007A0157 /* DrawLayer */ = {
			isa = PBXGroup;
			children = (
				0421A40025C7D9B400ED0FCE /* CGTDrawHeader.h */,
				04D496D925BFE46D007A0157 /* Model */,
				04D496CF25BFBD15007A0157 /* View */,
				04D496BA25BEDD2C007A0157 /* Controller */,
			);
			path = DrawLayer;
			sourceTree = "<group>";
		};
		04D496BA25BEDD2C007A0157 /* Controller */ = {
			isa = PBXGroup;
			children = (
				04D496BB25BEDD4C007A0157 /* CGTDrawWindowController.h */,
				04D496BC25BEDD4C007A0157 /* CGTDrawWindowController.m */,
				04D496C425BEDD58007A0157 /* CGTDrawViewController.h */,
				04D496C525BEDD58007A0157 /* CGTDrawViewController.m */,
			);
			path = Controller;
			sourceTree = "<group>";
		};
		04D496CF25BFBD15007A0157 /* View */ = {
			isa = PBXGroup;
			children = (
				04D496D025BFBD24007A0157 /* CGTDrawView.h */,
				04D496D125BFBD24007A0157 /* CGTDrawView.m */,
				04D496EA25BFFE7B007A0157 /* CGTDrawLayer.h */,
				04D496EB25BFFE7B007A0157 /* CGTDrawLayer.m */,
				04AE739B25FA1D960057F3B6 /* NSBezierPath+CGPath.h */,
				04AE739C25FA1D960057F3B6 /* NSBezierPath+CGPath.m */,
				04F197FD26B7E7AE0047A022 /* NSImageView+MouseEvent.h */,
				04F197FE26B7E7AE0047A022 /* NSImageView+MouseEvent.m */,
			);
			path = View;
			sourceTree = "<group>";
		};
		04D496D925BFE46D007A0157 /* Model */ = {
			isa = PBXGroup;
			children = (
				04D496E025BFE520007A0157 /* CustomDrawingTools.h */,
				04D496E125BFE521007A0157 /* CustomDrawingTools.m */,
				0424FF7325C3DB91008607C6 /* CGTDrawModel.h */,
				0424FF7425C3DB91008607C6 /* CGTDrawModel.m */,
			);
			path = Model;
			sourceTree = "<group>";
		};
		6D10A181CCCCE0B4472A02CD /* Frameworks */ = {
			isa = PBXGroup;
			children = (
				B187A328932D431717A2517C /* Pods_CodeGenerationTool.framework */,
				7157C1C24A046B11838466DE /* Pods_CodeGenerationTool_CodeGenerationToolUITests.framework */,
				3B86CFA6999CA1026AA62E68 /* Pods_CodeGenerationToolTests.framework */,
			);
			name = Frameworks;
			sourceTree = "<group>";
		};
		86E7C805A34284EC5FB013C3 /* Pods */ = {
			isa = PBXGroup;
			children = (
				9A89E47EAFEFD119815F8FA6 /* Pods-CodeGenerationTool.debug.xcconfig */,
				1C5AAB70915A693E8B031E33 /* Pods-CodeGenerationTool.release.xcconfig */,
				714A04910DB9E1F2EDC440A1 /* Pods-CodeGenerationTool-CodeGenerationToolUITests.debug.xcconfig */,
				6B30D908BD2AEBA57070A513 /* Pods-CodeGenerationTool-CodeGenerationToolUITests.release.xcconfig */,
				E9402F7BDF328AA0417A7BAE /* Pods-CodeGenerationToolTests.debug.xcconfig */,
				E734CF580DA38A2E089EF96C /* Pods-CodeGenerationToolTests.release.xcconfig */,
			);
			path = Pods;
			sourceTree = "<group>";
		};
		D70D5F3524B0641400675E89 = {
			isa = PBXGroup;
			children = (
				D70D5F4024B0641400675E89 /* CodeGenerationTool */,
				D70D5F5724B0641800675E89 /* CodeGenerationToolTests */,
				D70D5F6224B0641800675E89 /* CodeGenerationToolUITests */,
				D70D5F3F24B0641400675E89 /* Products */,
				86E7C805A34284EC5FB013C3 /* Pods */,
				6D10A181CCCCE0B4472A02CD /* Frameworks */,
			);
			sourceTree = "<group>";
		};
		D70D5F3F24B0641400675E89 /* Products */ = {
			isa = PBXGroup;
			children = (
				D70D5F3E24B0641400675E89 /* CodeGenerationTool.app */,
				D70D5F5424B0641800675E89 /* CodeGenerationToolTests.xctest */,
				D70D5F5F24B0641800675E89 /* CodeGenerationToolUITests.xctest */,
			);
			name = Products;
			sourceTree = "<group>";
		};
		D70D5F4024B0641400675E89 /* CodeGenerationTool */ = {
			isa = PBXGroup;
			children = (
				D70D5F4124B0641400675E89 /* AppDelegate.h */,
				D70D5F4224B0641400675E89 /* AppDelegate.m */,
				D7F42C1624B2C37200EF1C38 /* Common */,
				D70D5F7124B0647000675E89 /* Base */,
				D70D5F8024B0658600675E89 /* Main */,
				D793D8532526E22800497562 /* Opengl */,
				D72A364F2528369600C82A44 /* MouseEvent */,
				D7574A9F24C6819100EEEA98 /* Update */,
				D7D11786251C43A10019212F /* Other */,
				043E01A82542BB2D0089AB8C /* CommonDemo */,
				04D496B925BEDD19007A0157 /* DrawLayer */,
				04AE731825F223C70057F3B6 /* Excel */,
				046DB71C2726B2B400673633 /* 跨平台编译 */,
				04729F4A26FDB2D500466E62 /* GoPlay */,
				D70D5F4724B0641800675E89 /* Assets.xcassets */,
				D70D5F4924B0641800675E89 /* Main.storyboard */,
				D70D5F4C24B0641800675E89 /* Info.plist */,
				D70D5F8724B2B46C00675E89 /* CGTPrefixHeader.pch */,
				D70D5F4D24B0641800675E89 /* main.m */,
				D70D5F4F24B0641800675E89 /* CodeGenerationTool.entitlements */,
			);
			path = CodeGenerationTool;
			sourceTree = "<group>";
		};
		D70D5F5724B0641800675E89 /* CodeGenerationToolTests */ = {
			isa = PBXGroup;
			children = (
				D70D5F5824B0641800675E89 /* CodeGenerationToolTests.m */,
				D70D5F5A24B0641800675E89 /* Info.plist */,
			);
			path = CodeGenerationToolTests;
			sourceTree = "<group>";
		};
		D70D5F6224B0641800675E89 /* CodeGenerationToolUITests */ = {
			isa = PBXGroup;
			children = (
				D70D5F6324B0641800675E89 /* CodeGenerationToolUITests.m */,
				D70D5F6524B0641800675E89 /* Info.plist */,
			);
			path = CodeGenerationToolUITests;
			sourceTree = "<group>";
		};
		D70D5F7124B0647000675E89 /* Base */ = {
			isa = PBXGroup;
			children = (
				043E010C253EEB380089AB8C /* View */,
				D7D117BC251C6D4A0019212F /* Config */,
				D70D5F7224B0647900675E89 /* WindowCol */,
				D70D5F7324B0648000675E89 /* ViewCol */,
			);
			path = Base;
			sourceTree = "<group>";
		};
		D70D5F7224B0647900675E89 /* WindowCol */ = {
			isa = PBXGroup;
			children = (
				D70D5F7824B0655D00675E89 /* CGTBaseWindowController.h */,
				D70D5F7924B0655D00675E89 /* CGTBaseWindowController.m */,
				043E00F9253EEA3E0089AB8C /* NSWindowController+TitleBar.h */,
				043E00F8253EEA3E0089AB8C /* NSWindowController+TitleBar.m */,
				043E00FF253EEA7B0089AB8C /* CommonTitleBarViewController.h */,
				043E00FE253EEA7B0089AB8C /* CommonTitleBarViewController.m */,
				043E0100253EEA7B0089AB8C /* CommonTitleBarViewController.xib */,
			);
			path = WindowCol;
			sourceTree = "<group>";
		};
		D70D5F7324B0648000675E89 /* ViewCol */ = {
			isa = PBXGroup;
			children = (
				D70D5F7D24B0657700675E89 /* CGTBaseViewController.h */,
				D70D5F7E24B0657700675E89 /* CGTBaseViewController.m */,
			);
			path = ViewCol;
			sourceTree = "<group>";
		};
		D70D5F8024B0658600675E89 /* Main */ = {
			isa = PBXGroup;
			children = (
				04AE732B25F225E00057F3B6 /* ClassInfo.plist */,
				044011F92539684300798BCD /* View */,
				D7F42C1E24B2D1B700EF1C38 /* Model */,
				D7F42C1A24B2CEF800EF1C38 /* Data */,
				D7F42C1924B2CEEC00EF1C38 /* Controller */,
			);
			path = Main;
			sourceTree = "<group>";
		};
		D72A364F2528369600C82A44 /* MouseEvent */ = {
			isa = PBXGroup;
			children = (
				D72A3650252836C300C82A44 /* Controller */,
			);
			path = MouseEvent;
			sourceTree = "<group>";
		};
		D72A3650252836C300C82A44 /* Controller */ = {
			isa = PBXGroup;
			children = (
				D72A36652528372000C82A44 /* CGTMouseEventWindowController.h */,
				D72A36662528372000C82A44 /* CGTMouseEventWindowController.m */,
				D72A365F2528370700C82A44 /* CGTMouseEventViewController.h */,
				D72A36602528370700C82A44 /* CGTMouseEventViewController.m */,
			);
			path = Controller;
			sourceTree = "<group>";
		};
		D72A368025283BE400C82A44 /* View */ = {
			isa = PBXGroup;
			children = (
				D72A368125283BF300C82A44 /* CGTDDCollectionViewItem.h */,
				D72A368225283BF300C82A44 /* CGTDDCollectionViewItem.m */,
				D752E116258856AC0054EC04 /* NSTextField+Tip.h */,
				D752E117258856AC0054EC04 /* NSTextField+Tip.m */,
				D752E11C25885D560054EC04 /* NSTableCellView+Tip.h */,
				D752E11D25885D560054EC04 /* NSTableCellView+Tip.m */,
			);
			path = View;
			sourceTree = "<group>";
		};
		D7574A9F24C6819100EEEA98 /* Update */ = {
			isa = PBXGroup;
			children = (
				D7574AA524C6823900EEEA98 /* ModelLayer */,
				D7574AA124C681C000EEEA98 /* View */,
			);
			path = Update;
			sourceTree = "<group>";
		};
		D7574AA124C681C000EEEA98 /* View */ = {
			isa = PBXGroup;
			children = (
				D7574AA224C681D800EEEA98 /* CGTUpdateView.h */,
				D7574AA324C681D800EEEA98 /* CGTUpdateView.m */,
			);
			path = View;
			sourceTree = "<group>";
		};
		D7574AA524C6823900EEEA98 /* ModelLayer */ = {
			isa = PBXGroup;
			children = (
				D7574AA624C6826200EEEA98 /* CGTUpdateModelLayer.h */,
				D7574AA724C6826200EEEA98 /* CGTUpdateModelLayer.m */,
			);
			path = ModelLayer;
			sourceTree = "<group>";
		};
		D793D8532526E22800497562 /* Opengl */ = {
			isa = PBXGroup;
			children = (
				D793D8552526E24B00497562 /* Model */,
				D793D8542526E24300497562 /* Controller */,
			);
			path = Opengl;
			sourceTree = "<group>";
		};
		D793D8542526E24300497562 /* Controller */ = {
			isa = PBXGroup;
			children = (
				D793D8562526E26B00497562 /* CGTOpenglWindowController.h */,
				D793D8572526E26B00497562 /* CGTOpenglWindowController.m */,
				D793D8592526E27F00497562 /* CGTOpenglViewController.h */,
				D793D85A2526E27F00497562 /* CGTOpenglViewController.m */,
			);
			path = Controller;
			sourceTree = "<group>";
		};
		D793D8552526E24B00497562 /* Model */ = {
			isa = PBXGroup;
			children = (
				D7F42C1F24B2D1C700EF1C38 /* CGTFilePathPlistMgr.h */,
				D7F42C2024B2D1C700EF1C38 /* CGTFilePathPlistMgr.m */,
				D704CD75257B5451003DC276 /* CGTFileModelLayer.h */,
				D704CD76257B5451003DC276 /* CGTFileModelLayer.m */,
			);
			path = Model;
			sourceTree = "<group>";
		};
		D7D11786251C43A10019212F /* Other */ = {
			isa = PBXGroup;
			children = (
				D72A368025283BE400C82A44 /* View */,
				D7D11787251C43C20019212F /* Controller */,
			);
			path = Other;
			sourceTree = "<group>";
		};
		D7D11787251C43C20019212F /* Controller */ = {
			isa = PBXGroup;
			children = (
				D7D117A4251C6B050019212F /* CGTDDTableWindowController.h */,
				D7D117A5251C6B050019212F /* CGTDDTableWindowController.m */,
				D7D11795251C44270019212F /* CGTDDTableViewController.h */,
				D7D11796251C44270019212F /* CGTDDTableViewController.m */,
				D7D117AD251C6B1B0019212F /* CGTDDCollectionWindowController.h */,
				D7D117AE251C6B1B0019212F /* CGTDDCollectionWindowController.m */,
				D7D1179B251C44390019212F /* CGTDDCollectionViewController.h */,
				D7D1179C251C44390019212F /* CGTDDCollectionViewController.m */,
			);
			path = Controller;
			sourceTree = "<group>";
		};
		D7D117BC251C6D4A0019212F /* Config */ = {
			isa = PBXGroup;
			children = (
				D7D117C3251C6D7B0019212F /* CGTFrameConfig.h */,
				D7D117C4251C6D7B0019212F /* CGTFrameConfig.m */,
			);
			path = Config;
			sourceTree = "<group>";
		};
		D7D117D5251C953C0019212F /* Tools */ = {
			isa = PBXGroup;
			children = (
				D7574AE524C692CD00EEEA98 /* CGTCmdTool.h */,
				D7574AE624C692CD00EEEA98 /* CGTCmdTool.m */,
			);
			path = Tools;
			sourceTree = "<group>";
		};
		D7D117D6251C954F0019212F /* Config */ = {
			isa = PBXGroup;
			children = (
				D7D117CF251C842D0019212F /* CGTInvokeConfig.h */,
				D7D117D0251C842D0019212F /* CGTInvokeConfig.m */,
			);
			path = Config;
			sourceTree = "<group>";
		};
		D7F42C1624B2C37200EF1C38 /* Common */ = {
			isa = PBXGroup;
			children = (
				0440121A25398FD600798BCD /* View */,
				D7D117D6251C954F0019212F /* Config */,
				D7D117D5251C953C0019212F /* Tools */,
				D7F42C1724B2C37800EF1C38 /* Header */,
			);
			path = Common;
			sourceTree = "<group>";
		};
		D7F42C1724B2C37800EF1C38 /* Header */ = {
			isa = PBXGroup;
			children = (
				D7F42C1824B2C3A500EF1C38 /* CGTColorDefine.h */,
			);
			path = Header;
			sourceTree = "<group>";
		};
		D7F42C1924B2CEEC00EF1C38 /* Controller */ = {
			isa = PBXGroup;
			children = (
				D70D5F8124B0659E00675E89 /* CGTMainWindowController.h */,
				D70D5F8224B0659E00675E89 /* CGTMainWindowController.m */,
				D70D5F8424B065B700675E89 /* CGTMainViewController.h */,
				D70D5F8524B065B700675E89 /* CGTMainViewController.m */,
				D7FCAFA6257BB39B00B9715E /* CGTCreateViewController.h */,
				D7FCAFA7257BB39B00B9715E /* CGTCreateViewController.m */,
				04411A762549809D00337A41 /* CGTSecondaryViewController.h */,
				04411A772549809D00337A41 /* CGTSecondaryViewController.m */,
				043E015425403B570089AB8C /* CGTTitleBarViewController.h */,
				043E015325403B570089AB8C /* CGTTitleBarViewController.m */,
				043E015525403B570089AB8C /* CGTTitleBarViewController.xib */,
			);
			path = Controller;
			sourceTree = "<group>";
		};
		D7F42C1A24B2CEF800EF1C38 /* Data */ = {
			isa = PBXGroup;
			children = (
			);
			path = Data;
			sourceTree = "<group>";
		};
		D7F42C1E24B2D1B700EF1C38 /* Model */ = {
			isa = PBXGroup;
			children = (
				D7F42C1B24B2D1B300EF1C38 /* CGTMainModelLayer.h */,
				D7F42C1C24B2D1B300EF1C38 /* CGTMainModelLayer.m */,
			);
			path = Model;
			sourceTree = "<group>";
		};
/* End PBXGroup section */

/* Begin PBXNativeTarget section */
		D70D5F3D24B0641400675E89 /* CodeGenerationTool */ = {
			isa = PBXNativeTarget;
			buildConfigurationList = D70D5F6824B0641800675E89 /* Build configuration list for PBXNativeTarget "CodeGenerationTool" */;
			buildPhases = (
				67B2B51588C32324684ED3A3 /* [CP] Check Pods Manifest.lock */,
				D70D5F3A24B0641400675E89 /* Sources */,
				D70D5F3B24B0641400675E89 /* Frameworks */,
				D70D5F3C24B0641400675E89 /* Resources */,
				69F2A4CEC48EE658A63D912C /* [CP] Embed Pods Frameworks */,
			);
			buildRules = (
			);
			dependencies = (
			);
			name = CodeGenerationTool;
			productName = CodeGenerationTool;
			productReference = D70D5F3E24B0641400675E89 /* CodeGenerationTool.app */;
			productType = "com.apple.product-type.application";
		};
		D70D5F5324B0641800675E89 /* CodeGenerationToolTests */ = {
			isa = PBXNativeTarget;
			buildConfigurationList = D70D5F6B24B0641800675E89 /* Build configuration list for PBXNativeTarget "CodeGenerationToolTests" */;
			buildPhases = (
				4962DB504E2AA7077903F2E4 /* [CP] Check Pods Manifest.lock */,
				D70D5F5024B0641800675E89 /* Sources */,
				D70D5F5124B0641800675E89 /* Frameworks */,
				D70D5F5224B0641800675E89 /* Resources */,
			);
			buildRules = (
			);
			dependencies = (
				D70D5F5624B0641800675E89 /* PBXTargetDependency */,
			);
			name = CodeGenerationToolTests;
			productName = CodeGenerationToolTests;
			productReference = D70D5F5424B0641800675E89 /* CodeGenerationToolTests.xctest */;
			productType = "com.apple.product-type.bundle.unit-test";
		};
		D70D5F5E24B0641800675E89 /* CodeGenerationToolUITests */ = {
			isa = PBXNativeTarget;
			buildConfigurationList = D70D5F6E24B0641800675E89 /* Build configuration list for PBXNativeTarget "CodeGenerationToolUITests" */;
			buildPhases = (
				21F3779B2B7AF4111F90465F /* [CP] Check Pods Manifest.lock */,
				D70D5F5B24B0641800675E89 /* Sources */,
				D70D5F5C24B0641800675E89 /* Frameworks */,
				D70D5F5D24B0641800675E89 /* Resources */,
				E190DFA8F22B45EF85B0ED6F /* [CP] Embed Pods Frameworks */,
			);
			buildRules = (
			);
			dependencies = (
				D70D5F6124B0641800675E89 /* PBXTargetDependency */,
			);
			name = CodeGenerationToolUITests;
			productName = CodeGenerationToolUITests;
			productReference = D70D5F5F24B0641800675E89 /* CodeGenerationToolUITests.xctest */;
			productType = "com.apple.product-type.bundle.ui-testing";
		};
/* End PBXNativeTarget section */

/* Begin PBXProject section */
		D70D5F3624B0641400675E89 /* Project object */ = {
			isa = PBXProject;
			attributes = {
				LastUpgradeCheck = 1150;
				ORGANIZATIONNAME = dingbinbin;
				TargetAttributes = {
					D70D5F3D24B0641400675E89 = {
						CreatedOnToolsVersion = 11.5;
					};
					D70D5F5324B0641800675E89 = {
						CreatedOnToolsVersion = 11.5;
						TestTargetID = D70D5F3D24B0641400675E89;
					};
					D70D5F5E24B0641800675E89 = {
						CreatedOnToolsVersion = 11.5;
						TestTargetID = D70D5F3D24B0641400675E89;
					};
				};
			};
			buildConfigurationList = D70D5F3924B0641400675E89 /* Build configuration list for PBXProject "CodeGenerationTool" */;
			compatibilityVersion = "Xcode 9.3";
			developmentRegion = en;
			hasScannedForEncodings = 0;
			knownRegions = (
				en,
				Base,
			);
			mainGroup = D70D5F3524B0641400675E89;
			productRefGroup = D70D5F3F24B0641400675E89 /* Products */;
			projectDirPath = "";
			projectRoot = "";
			targets = (
				D70D5F3D24B0641400675E89 /* CodeGenerationTool */,
				D70D5F5324B0641800675E89 /* CodeGenerationToolTests */,
				D70D5F5E24B0641800675E89 /* CodeGenerationToolUITests */,
			);
		};
/* End PBXProject section */

/* Begin PBXResourcesBuildPhase section */
		D70D5F3C24B0641400675E89 /* Resources */ = {
			isa = PBXResourcesBuildPhase;
			buildActionMask = 2147483647;
			files = (
				046DB7232726B2B400673633 /* Application.mk in Resources */,
				D70D5F4824B0641800675E89 /* Assets.xcassets in Resources */,
				D70D5F4B24B0641800675E89 /* Main.storyboard in Resources */,
				04AE732C25F225E00057F3B6 /* ClassInfo.plist in Resources */,
				043E0102253EEA7B0089AB8C /* CommonTitleBarViewController.xib in Resources */,
				046DB7222726B2B400673633 /* Android.mk in Resources */,
				046DB7212726B2B400673633 /* 跨平台编译相关.md in Resources */,
				043E015725403B570089AB8C /* CGTTitleBarViewController.xib in Resources */,
			);
			runOnlyForDeploymentPostprocessing = 0;
		};
		D70D5F5224B0641800675E89 /* Resources */ = {
			isa = PBXResourcesBuildPhase;
			buildActionMask = 2147483647;
			files = (
			);
			runOnlyForDeploymentPostprocessing = 0;
		};
		D70D5F5D24B0641800675E89 /* Resources */ = {
			isa = PBXResourcesBuildPhase;
			buildActionMask = 2147483647;
			files = (
			);
			runOnlyForDeploymentPostprocessing = 0;
		};
/* End PBXResourcesBuildPhase section */

/* Begin PBXShellScriptBuildPhase section */
		21F3779B2B7AF4111F90465F /* [CP] Check Pods Manifest.lock */ = {
			isa = PBXShellScriptBuildPhase;
			buildActionMask = 2147483647;
			files = (
			);
			inputFileListPaths = (
			);
			inputPaths = (
				"${PODS_PODFILE_DIR_PATH}/Podfile.lock",
				"${PODS_ROOT}/Manifest.lock",
			);
			name = "[CP] Check Pods Manifest.lock";
			outputFileListPaths = (
			);
			outputPaths = (
				"$(DERIVED_FILE_DIR)/Pods-CodeGenerationTool-CodeGenerationToolUITests-checkManifestLockResult.txt",
			);
			runOnlyForDeploymentPostprocessing = 0;
			shellPath = /bin/sh;
			shellScript = "diff \"${PODS_PODFILE_DIR_PATH}/Podfile.lock\" \"${PODS_ROOT}/Manifest.lock\" > /dev/null\nif [ $? != 0 ] ; then\n    # print error to STDERR\n    echo \"error: The sandbox is not in sync with the Podfile.lock. Run 'pod install' or update your CocoaPods installation.\" >&2\n    exit 1\nfi\n# This output is used by Xcode 'outputs' to avoid re-running this script phase.\necho \"SUCCESS\" > \"${SCRIPT_OUTPUT_FILE_0}\"\n";
			showEnvVarsInLog = 0;
		};
		4962DB504E2AA7077903F2E4 /* [CP] Check Pods Manifest.lock */ = {
			isa = PBXShellScriptBuildPhase;
			buildActionMask = 2147483647;
			files = (
			);
			inputFileListPaths = (
			);
			inputPaths = (
				"${PODS_PODFILE_DIR_PATH}/Podfile.lock",
				"${PODS_ROOT}/Manifest.lock",
			);
			name = "[CP] Check Pods Manifest.lock";
			outputFileListPaths = (
			);
			outputPaths = (
				"$(DERIVED_FILE_DIR)/Pods-CodeGenerationToolTests-checkManifestLockResult.txt",
			);
			runOnlyForDeploymentPostprocessing = 0;
			shellPath = /bin/sh;
			shellScript = "diff \"${PODS_PODFILE_DIR_PATH}/Podfile.lock\" \"${PODS_ROOT}/Manifest.lock\" > /dev/null\nif [ $? != 0 ] ; then\n    # print error to STDERR\n    echo \"error: The sandbox is not in sync with the Podfile.lock. Run 'pod install' or update your CocoaPods installation.\" >&2\n    exit 1\nfi\n# This output is used by Xcode 'outputs' to avoid re-running this script phase.\necho \"SUCCESS\" > \"${SCRIPT_OUTPUT_FILE_0}\"\n";
			showEnvVarsInLog = 0;
		};
		67B2B51588C32324684ED3A3 /* [CP] Check Pods Manifest.lock */ = {
			isa = PBXShellScriptBuildPhase;
			buildActionMask = 2147483647;
			files = (
			);
			inputFileListPaths = (
			);
			inputPaths = (
				"${PODS_PODFILE_DIR_PATH}/Podfile.lock",
				"${PODS_ROOT}/Manifest.lock",
			);
			name = "[CP] Check Pods Manifest.lock";
			outputFileListPaths = (
			);
			outputPaths = (
				"$(DERIVED_FILE_DIR)/Pods-CodeGenerationTool-checkManifestLockResult.txt",
			);
			runOnlyForDeploymentPostprocessing = 0;
			shellPath = /bin/sh;
			shellScript = "diff \"${PODS_PODFILE_DIR_PATH}/Podfile.lock\" \"${PODS_ROOT}/Manifest.lock\" > /dev/null\nif [ $? != 0 ] ; then\n    # print error to STDERR\n    echo \"error: The sandbox is not in sync with the Podfile.lock. Run 'pod install' or update your CocoaPods installation.\" >&2\n    exit 1\nfi\n# This output is used by Xcode 'outputs' to avoid re-running this script phase.\necho \"SUCCESS\" > \"${SCRIPT_OUTPUT_FILE_0}\"\n";
			showEnvVarsInLog = 0;
		};
		69F2A4CEC48EE658A63D912C /* [CP] Embed Pods Frameworks */ = {
			isa = PBXShellScriptBuildPhase;
			buildActionMask = 2147483647;
			files = (
			);
			inputFileListPaths = (
				"${PODS_ROOT}/Target Support Files/Pods-CodeGenerationTool/Pods-CodeGenerationTool-frameworks-${CONFIGURATION}-input-files.xcfilelist",
			);
			name = "[CP] Embed Pods Frameworks";
			outputFileListPaths = (
				"${PODS_ROOT}/Target Support Files/Pods-CodeGenerationTool/Pods-CodeGenerationTool-frameworks-${CONFIGURATION}-output-files.xcfilelist",
			);
			runOnlyForDeploymentPostprocessing = 0;
			shellPath = /bin/sh;
			shellScript = "\"${PODS_ROOT}/Target Support Files/Pods-CodeGenerationTool/Pods-CodeGenerationTool-frameworks.sh\"\n";
			showEnvVarsInLog = 0;
		};
		E190DFA8F22B45EF85B0ED6F /* [CP] Embed Pods Frameworks */ = {
			isa = PBXShellScriptBuildPhase;
			buildActionMask = 2147483647;
			files = (
			);
			inputFileListPaths = (
				"${PODS_ROOT}/Target Support Files/Pods-CodeGenerationTool-CodeGenerationToolUITests/Pods-CodeGenerationTool-CodeGenerationToolUITests-frameworks-${CONFIGURATION}-input-files.xcfilelist",
			);
			name = "[CP] Embed Pods Frameworks";
			outputFileListPaths = (
				"${PODS_ROOT}/Target Support Files/Pods-CodeGenerationTool-CodeGenerationToolUITests/Pods-CodeGenerationTool-CodeGenerationToolUITests-frameworks-${CONFIGURATION}-output-files.xcfilelist",
			);
			runOnlyForDeploymentPostprocessing = 0;
			shellPath = /bin/sh;
			shellScript = "\"${PODS_ROOT}/Target Support Files/Pods-CodeGenerationTool-CodeGenerationToolUITests/Pods-CodeGenerationTool-CodeGenerationToolUITests-frameworks.sh\"\n";
			showEnvVarsInLog = 0;
		};
/* End PBXShellScriptBuildPhase section */

/* Begin PBXSourcesBuildPhase section */
		D70D5F3A24B0641400675E89 /* Sources */ = {
			isa = PBXSourcesBuildPhase;
			buildActionMask = 2147483647;
			files = (
				04AE731E25F223E50057F3B6 /* CGTExcelWindowController.m in Sources */,
				04AE739D25FA1D960057F3B6 /* NSBezierPath+CGPath.m in Sources */,
				D7D117D1251C842D0019212F /* CGTInvokeConfig.m in Sources */,
				046DB6512714370600673633 /* CGTSGFNode.m in Sources */,
				043E01AC2542BB710089AB8C /* CGTCommonDemoWindowController.m in Sources */,
				0476509B259DBA5C0006F3FC /* CustomButton.m in Sources */,
				043E01BB2542BF310089AB8C /* CGTProcessRateView.m in Sources */,
				0440121F25398FE500798BCD /* CGTCustomScrollView.m in Sources */,
				046DB64B271436A600673633 /* CGTSGFFileReader.m in Sources */,
				D70D5F4E24B0641800675E89 /* main.m in Sources */,
				04411A782549809D00337A41 /* CGTSecondaryViewController.m in Sources */,
				04465D8325A69D37009850D0 /* ProgressHUD.m in Sources */,
				046DB6D82726A7AD00673633 /* CGTWeiQiCTest.m in Sources */,
				D7F42C2124B2D1C700EF1C38 /* CGTFilePathPlistMgr.m in Sources */,
				04AE732725F223FB0057F3B6 /* CGTExcelViewController.m in Sources */,
				D7D11797251C44270019212F /* CGTDDTableViewController.m in Sources */,
				046DB6D92726A7AD00673633 /* GoRule.c in Sources */,
				D72A36612528370700C82A44 /* CGTMouseEventViewController.m in Sources */,
				D7D117A6251C6B050019212F /* CGTDDTableWindowController.m in Sources */,
				D7D117AF251C6B1B0019212F /* CGTDDCollectionWindowController.m in Sources */,
				D793D85B2526E27F00497562 /* CGTOpenglViewController.m in Sources */,
				D752E118258856AC0054EC04 /* NSTextField+Tip.m in Sources */,
				D70D5F7F24B0657700675E89 /* CGTBaseViewController.m in Sources */,
				04D496BD25BEDD4C007A0157 /* CGTDrawWindowController.m in Sources */,
				04D496E225BFE521007A0157 /* CustomDrawingTools.m in Sources */,
				D793D8582526E26B00497562 /* CGTOpenglWindowController.m in Sources */,
				04F197FF26B7E7AE0047A022 /* NSImageView+MouseEvent.m in Sources */,
				04AE738B25F86A150057F3B6 /* CGTTestModalWindowController.m in Sources */,
				D72A368425283BF300C82A44 /* CGTDDCollectionViewItem.m in Sources */,
				043E01922542AF040089AB8C /* CGTCustomTableHeaderCell.m in Sources */,
				043E0101253EEA7B0089AB8C /* CommonTitleBarViewController.m in Sources */,
				D7D1179E251C44390019212F /* CGTDDCollectionViewController.m in Sources */,
				043E014C25403AED0089AB8C /* CGTCustomTextField.m in Sources */,
				D70D5F8624B065B700675E89 /* CGTMainViewController.m in Sources */,
				04729F5026FDB31F00466E62 /* CGTWeiQiWindowController.m in Sources */,
				D704CD77257B5451003DC276 /* CGTFileModelLayer.m in Sources */,
				D70D5F7B24B0655D00675E89 /* CGTBaseWindowController.m in Sources */,
				04D496D225BFBD24007A0157 /* CGTDrawView.m in Sources */,
				D70D5F4324B0641400675E89 /* AppDelegate.m in Sources */,
				04729F622700123500466E62 /* CGTWeiQiModelLayer.m in Sources */,
				043E00FA253EEA3E0089AB8C /* NSWindowController+TitleBar.m in Sources */,
				D7D117C5251C6D7B0019212F /* CGTFrameConfig.m in Sources */,
				D7F42C1D24B2D1B300EF1C38 /* CGTMainModelLayer.m in Sources */,
				D7574AA824C6826200EEEA98 /* CGTUpdateModelLayer.m in Sources */,
				D72A36672528372000C82A44 /* CGTMouseEventWindowController.m in Sources */,
				043E015D25403B6B0089AB8C /* CGTCommonTitleView.m in Sources */,
				04729F5626FDB35F00466E62 /* CGTWeiQiViewController.m in Sources */,
				04D496C625BEDD58007A0157 /* CGTDrawViewController.m in Sources */,
				0455703F2703FFC90024C32C /* CGTChessmanBean.m in Sources */,
				0424FF7525C3DB91008607C6 /* CGTDrawModel.m in Sources */,
				046DB69327182C0600673633 /* CGTChessmanStep.m in Sources */,
				D7574AE724C692CD00EEEA98 /* CGTCmdTool.m in Sources */,
				043E01B52542BD480089AB8C /* CGTCommonDemoViewController.m in Sources */,
				04729F5C2700024E00466E62 /* CGTWeiQiBoardView.m in Sources */,
				D70D5F8324B0659E00675E89 /* CGTMainWindowController.m in Sources */,
				043E0108253EEAF70089AB8C /* CommonTitleView.m in Sources */,
				043E015625403B570089AB8C /* CGTTitleBarViewController.m in Sources */,
				04D496EC25BFFE7B007A0157 /* CGTDrawLayer.m in Sources */,
				D752E11E25885D560054EC04 /* NSTableCellView+Tip.m in Sources */,
				D7574AA424C681D800EEEA98 /* CGTUpdateView.m in Sources */,
				D7FCAFA8257BB39B00B9715E /* CGTCreateViewController.m in Sources */,
				04AE738525F6133D0057F3B6 /* CGTExcelModel.m in Sources */,
				043E01A42542BA130089AB8C /* CGTProcessRateTextField.m in Sources */,
			);
			runOnlyForDeploymentPostprocessing = 0;
		};
		D70D5F5024B0641800675E89 /* Sources */ = {
			isa = PBXSourcesBuildPhase;
			buildActionMask = 2147483647;
			files = (
				D70D5F5924B0641800675E89 /* CodeGenerationToolTests.m in Sources */,
			);
			runOnlyForDeploymentPostprocessing = 0;
		};
		D70D5F5B24B0641800675E89 /* Sources */ = {
			isa = PBXSourcesBuildPhase;
			buildActionMask = 2147483647;
			files = (
				D70D5F6424B0641800675E89 /* CodeGenerationToolUITests.m in Sources */,
			);
			runOnlyForDeploymentPostprocessing = 0;
		};
/* End PBXSourcesBuildPhase section */

/* Begin PBXTargetDependency section */
		D70D5F5624B0641800675E89 /* PBXTargetDependency */ = {
			isa = PBXTargetDependency;
			target = D70D5F3D24B0641400675E89 /* CodeGenerationTool */;
			targetProxy = D70D5F5524B0641800675E89 /* PBXContainerItemProxy */;
		};
		D70D5F6124B0641800675E89 /* PBXTargetDependency */ = {
			isa = PBXTargetDependency;
			target = D70D5F3D24B0641400675E89 /* CodeGenerationTool */;
			targetProxy = D70D5F6024B0641800675E89 /* PBXContainerItemProxy */;
		};
/* End PBXTargetDependency section */

/* Begin PBXVariantGroup section */
		D70D5F4924B0641800675E89 /* Main.storyboard */ = {
			isa = PBXVariantGroup;
			children = (
				D70D5F4A24B0641800675E89 /* Base */,
			);
			name = Main.storyboard;
			sourceTree = "<group>";
		};
/* End PBXVariantGroup section */

/* Begin XCBuildConfiguration section */
		D70D5F6624B0641800675E89 /* Debug */ = {
			isa = XCBuildConfiguration;
			buildSettings = {
				ALWAYS_SEARCH_USER_PATHS = NO;
				CLANG_ANALYZER_NONNULL = YES;
				CLANG_ANALYZER_NUMBER_OBJECT_CONVERSION = YES_AGGRESSIVE;
				CLANG_CXX_LANGUAGE_STANDARD = "gnu++14";
				CLANG_CXX_LIBRARY = "libc++";
				CLANG_ENABLE_MODULES = YES;
				CLANG_ENABLE_OBJC_ARC = YES;
				CLANG_ENABLE_OBJC_WEAK = YES;
				CLANG_WARN_BLOCK_CAPTURE_AUTORELEASING = YES;
				CLANG_WARN_BOOL_CONVERSION = YES;
				CLANG_WARN_COMMA = YES;
				CLANG_WARN_CONSTANT_CONVERSION = YES;
				CLANG_WARN_DEPRECATED_OBJC_IMPLEMENTATIONS = YES;
				CLANG_WARN_DIRECT_OBJC_ISA_USAGE = YES_ERROR;
				CLANG_WARN_DOCUMENTATION_COMMENTS = YES;
				CLANG_WARN_EMPTY_BODY = YES;
				CLANG_WARN_ENUM_CONVERSION = YES;
				CLANG_WARN_INFINITE_RECURSION = YES;
				CLANG_WARN_INT_CONVERSION = YES;
				CLANG_WARN_NON_LITERAL_NULL_CONVERSION = YES;
				CLANG_WARN_OBJC_IMPLICIT_RETAIN_SELF = YES;
				CLANG_WARN_OBJC_LITERAL_CONVERSION = YES;
				CLANG_WARN_OBJC_ROOT_CLASS = YES_ERROR;
				CLANG_WARN_RANGE_LOOP_ANALYSIS = YES;
				CLANG_WARN_STRICT_PROTOTYPES = YES;
				CLANG_WARN_SUSPICIOUS_MOVE = YES;
				CLANG_WARN_UNGUARDED_AVAILABILITY = YES_AGGRESSIVE;
				CLANG_WARN_UNREACHABLE_CODE = YES;
				CLANG_WARN__DUPLICATE_METHOD_MATCH = YES;
				COPY_PHASE_STRIP = NO;
				DEBUG_INFORMATION_FORMAT = dwarf;
				ENABLE_STRICT_OBJC_MSGSEND = YES;
				ENABLE_TESTABILITY = YES;
				GCC_C_LANGUAGE_STANDARD = gnu11;
				GCC_DYNAMIC_NO_PIC = NO;
				GCC_NO_COMMON_BLOCKS = YES;
				GCC_OPTIMIZATION_LEVEL = 0;
				GCC_PREPROCESSOR_DEFINITIONS = (
					"DEBUG=1",
					"$(inherited)",
				);
				GCC_WARN_64_TO_32_BIT_CONVERSION = YES;
				GCC_WARN_ABOUT_RETURN_TYPE = YES_ERROR;
				GCC_WARN_UNDECLARED_SELECTOR = YES;
				GCC_WARN_UNINITIALIZED_AUTOS = YES_AGGRESSIVE;
				GCC_WARN_UNUSED_FUNCTION = YES;
				GCC_WARN_UNUSED_VARIABLE = YES;
				MACOSX_DEPLOYMENT_TARGET = 10.15;
				MTL_ENABLE_DEBUG_INFO = INCLUDE_SOURCE;
				MTL_FAST_MATH = YES;
				ONLY_ACTIVE_ARCH = YES;
				SDKROOT = macosx;
			};
			name = Debug;
		};
		D70D5F6724B0641800675E89 /* Release */ = {
			isa = XCBuildConfiguration;
			buildSettings = {
				ALWAYS_SEARCH_USER_PATHS = NO;
				CLANG_ANALYZER_NONNULL = YES;
				CLANG_ANALYZER_NUMBER_OBJECT_CONVERSION = YES_AGGRESSIVE;
				CLANG_CXX_LANGUAGE_STANDARD = "gnu++14";
				CLANG_CXX_LIBRARY = "libc++";
				CLANG_ENABLE_MODULES = YES;
				CLANG_ENABLE_OBJC_ARC = YES;
				CLANG_ENABLE_OBJC_WEAK = YES;
				CLANG_WARN_BLOCK_CAPTURE_AUTORELEASING = YES;
				CLANG_WARN_BOOL_CONVERSION = YES;
				CLANG_WARN_COMMA = YES;
				CLANG_WARN_CONSTANT_CONVERSION = YES;
				CLANG_WARN_DEPRECATED_OBJC_IMPLEMENTATIONS = YES;
				CLANG_WARN_DIRECT_OBJC_ISA_USAGE = YES_ERROR;
				CLANG_WARN_DOCUMENTATION_COMMENTS = YES;
				CLANG_WARN_EMPTY_BODY = YES;
				CLANG_WARN_ENUM_CONVERSION = YES;
				CLANG_WARN_INFINITE_RECURSION = YES;
				CLANG_WARN_INT_CONVERSION = YES;
				CLANG_WARN_NON_LITERAL_NULL_CONVERSION = YES;
				CLANG_WARN_OBJC_IMPLICIT_RETAIN_SELF = YES;
				CLANG_WARN_OBJC_LITERAL_CONVERSION = YES;
				CLANG_WARN_OBJC_ROOT_CLASS = YES_ERROR;
				CLANG_WARN_RANGE_LOOP_ANALYSIS = YES;
				CLANG_WARN_STRICT_PROTOTYPES = YES;
				CLANG_WARN_SUSPICIOUS_MOVE = YES;
				CLANG_WARN_UNGUARDED_AVAILABILITY = YES_AGGRESSIVE;
				CLANG_WARN_UNREACHABLE_CODE = YES;
				CLANG_WARN__DUPLICATE_METHOD_MATCH = YES;
				COPY_PHASE_STRIP = NO;
				DEBUG_INFORMATION_FORMAT = "dwarf-with-dsym";
				ENABLE_NS_ASSERTIONS = NO;
				ENABLE_STRICT_OBJC_MSGSEND = YES;
				GCC_C_LANGUAGE_STANDARD = gnu11;
				GCC_NO_COMMON_BLOCKS = YES;
				GCC_WARN_64_TO_32_BIT_CONVERSION = YES;
				GCC_WARN_ABOUT_RETURN_TYPE = YES_ERROR;
				GCC_WARN_UNDECLARED_SELECTOR = YES;
				GCC_WARN_UNINITIALIZED_AUTOS = YES_AGGRESSIVE;
				GCC_WARN_UNUSED_FUNCTION = YES;
				GCC_WARN_UNUSED_VARIABLE = YES;
				MACOSX_DEPLOYMENT_TARGET = 10.15;
				MTL_ENABLE_DEBUG_INFO = NO;
				MTL_FAST_MATH = YES;
				SDKROOT = macosx;
			};
			name = Release;
		};
		D70D5F6924B0641800675E89 /* Debug */ = {
			isa = XCBuildConfiguration;
			baseConfigurationReference = 9A89E47EAFEFD119815F8FA6 /* Pods-CodeGenerationTool.debug.xcconfig */;
			buildSettings = {
				ASSETCATALOG_COMPILER_APPICON_NAME = AppIcon;
				CODE_SIGN_ENTITLEMENTS = CodeGenerationTool/CodeGenerationTool.entitlements;
				CODE_SIGN_STYLE = Automatic;
				COMBINE_HIDPI_IMAGES = YES;
				GCC_INCREASE_PRECOMPILED_HEADER_SHARING = NO;
				GCC_PRECOMPILE_PREFIX_HEADER = YES;
				GCC_PREFIX_HEADER = "$(SRCROOT)/CodeGenerationTool/CGTPrefixHeader.pch";
				INFOPLIST_FILE = CodeGenerationTool/Info.plist;
				LD_RUNPATH_SEARCH_PATHS = (
					"$(inherited)",
					"@executable_path/../Frameworks",
				);
				LIBRARY_SEARCH_PATHS = (
					"$(inherited)",
					"$(PROJECT_DIR)/CodeGenerationTool/WeiQi/CDemo",
				);
				MACOSX_DEPLOYMENT_TARGET = 10.14;
				PRODUCT_BUNDLE_IDENTIFIER = com.dingbinbin.demo.CodeGenerationTool;
				PRODUCT_NAME = "$(TARGET_NAME)";
			};
			name = Debug;
		};
		D70D5F6A24B0641800675E89 /* Release */ = {
			isa = XCBuildConfiguration;
			baseConfigurationReference = 1C5AAB70915A693E8B031E33 /* Pods-CodeGenerationTool.release.xcconfig */;
			buildSettings = {
				ASSETCATALOG_COMPILER_APPICON_NAME = AppIcon;
				CODE_SIGN_ENTITLEMENTS = CodeGenerationTool/CodeGenerationTool.entitlements;
				CODE_SIGN_STYLE = Automatic;
				COMBINE_HIDPI_IMAGES = YES;
				GCC_INCREASE_PRECOMPILED_HEADER_SHARING = NO;
				GCC_PRECOMPILE_PREFIX_HEADER = YES;
				GCC_PREFIX_HEADER = "$(SRCROOT)/CodeGenerationTool/CGTPrefixHeader.pch";
				INFOPLIST_FILE = CodeGenerationTool/Info.plist;
				LD_RUNPATH_SEARCH_PATHS = (
					"$(inherited)",
					"@executable_path/../Frameworks",
				);
				LIBRARY_SEARCH_PATHS = (
					"$(inherited)",
					"$(PROJECT_DIR)/CodeGenerationTool/WeiQi/CDemo",
				);
				MACOSX_DEPLOYMENT_TARGET = 10.14;
				PRODUCT_BUNDLE_IDENTIFIER = com.dingbinbin.demo.CodeGenerationTool;
				PRODUCT_NAME = "$(TARGET_NAME)";
			};
			name = Release;
		};
		D70D5F6C24B0641800675E89 /* Debug */ = {
			isa = XCBuildConfiguration;
			baseConfigurationReference = E9402F7BDF328AA0417A7BAE /* Pods-CodeGenerationToolTests.debug.xcconfig */;
			buildSettings = {
				BUNDLE_LOADER = "$(TEST_HOST)";
				CODE_SIGN_STYLE = Automatic;
				COMBINE_HIDPI_IMAGES = YES;
				INFOPLIST_FILE = CodeGenerationToolTests/Info.plist;
				LD_RUNPATH_SEARCH_PATHS = (
					"$(inherited)",
					"@executable_path/../Frameworks",
					"@loader_path/../Frameworks",
				);
				MACOSX_DEPLOYMENT_TARGET = 10.15;
				PRODUCT_BUNDLE_IDENTIFIER = com.dingbinbin.demo.CodeGenerationToolTests;
				PRODUCT_NAME = "$(TARGET_NAME)";
				TEST_HOST = "$(BUILT_PRODUCTS_DIR)/CodeGenerationTool.app/Contents/MacOS/CodeGenerationTool";
			};
			name = Debug;
		};
		D70D5F6D24B0641800675E89 /* Release */ = {
			isa = XCBuildConfiguration;
			baseConfigurationReference = E734CF580DA38A2E089EF96C /* Pods-CodeGenerationToolTests.release.xcconfig */;
			buildSettings = {
				BUNDLE_LOADER = "$(TEST_HOST)";
				CODE_SIGN_STYLE = Automatic;
				COMBINE_HIDPI_IMAGES = YES;
				INFOPLIST_FILE = CodeGenerationToolTests/Info.plist;
				LD_RUNPATH_SEARCH_PATHS = (
					"$(inherited)",
					"@executable_path/../Frameworks",
					"@loader_path/../Frameworks",
				);
				MACOSX_DEPLOYMENT_TARGET = 10.15;
				PRODUCT_BUNDLE_IDENTIFIER = com.dingbinbin.demo.CodeGenerationToolTests;
				PRODUCT_NAME = "$(TARGET_NAME)";
				TEST_HOST = "$(BUILT_PRODUCTS_DIR)/CodeGenerationTool.app/Contents/MacOS/CodeGenerationTool";
			};
			name = Release;
		};
		D70D5F6F24B0641800675E89 /* Debug */ = {
			isa = XCBuildConfiguration;
			baseConfigurationReference = 714A04910DB9E1F2EDC440A1 /* Pods-CodeGenerationTool-CodeGenerationToolUITests.debug.xcconfig */;
			buildSettings = {
				CODE_SIGN_STYLE = Automatic;
				COMBINE_HIDPI_IMAGES = YES;
				INFOPLIST_FILE = CodeGenerationToolUITests/Info.plist;
				LD_RUNPATH_SEARCH_PATHS = (
					"$(inherited)",
					"@executable_path/../Frameworks",
					"@loader_path/../Frameworks",
				);
				PRODUCT_BUNDLE_IDENTIFIER = com.dingbinbin.demo.CodeGenerationToolUITests;
				PRODUCT_NAME = "$(TARGET_NAME)";
				TEST_TARGET_NAME = CodeGenerationTool;
			};
			name = Debug;
		};
		D70D5F7024B0641800675E89 /* Release */ = {
			isa = XCBuildConfiguration;
			baseConfigurationReference = 6B30D908BD2AEBA57070A513 /* Pods-CodeGenerationTool-CodeGenerationToolUITests.release.xcconfig */;
			buildSettings = {
				CODE_SIGN_STYLE = Automatic;
				COMBINE_HIDPI_IMAGES = YES;
				INFOPLIST_FILE = CodeGenerationToolUITests/Info.plist;
				LD_RUNPATH_SEARCH_PATHS = (
					"$(inherited)",
					"@executable_path/../Frameworks",
					"@loader_path/../Frameworks",
				);
				PRODUCT_BUNDLE_IDENTIFIER = com.dingbinbin.demo.CodeGenerationToolUITests;
				PRODUCT_NAME = "$(TARGET_NAME)";
				TEST_TARGET_NAME = CodeGenerationTool;
			};
			name = Release;
		};
/* End XCBuildConfiguration section */

/* Begin XCConfigurationList section */
		D70D5F3924B0641400675E89 /* Build configuration list for PBXProject "CodeGenerationTool" */ = {
			isa = XCConfigurationList;
			buildConfigurations = (
				D70D5F6624B0641800675E89 /* Debug */,
				D70D5F6724B0641800675E89 /* Release */,
			);
			defaultConfigurationIsVisible = 0;
			defaultConfigurationName = Release;
		};
		D70D5F6824B0641800675E89 /* Build configuration list for PBXNativeTarget "CodeGenerationTool" */ = {
			isa = XCConfigurationList;
			buildConfigurations = (
				D70D5F6924B0641800675E89 /* Debug */,
				D70D5F6A24B0641800675E89 /* Release */,
			);
			defaultConfigurationIsVisible = 0;
			defaultConfigurationName = Release;
		};
		D70D5F6B24B0641800675E89 /* Build configuration list for PBXNativeTarget "CodeGenerationToolTests" */ = {
			isa = XCConfigurationList;
			buildConfigurations = (
				D70D5F6C24B0641800675E89 /* Debug */,
				D70D5F6D24B0641800675E89 /* Release */,
			);
			defaultConfigurationIsVisible = 0;
			defaultConfigurationName = Release;
		};
		D70D5F6E24B0641800675E89 /* Build configuration list for PBXNativeTarget "CodeGenerationToolUITests" */ = {
			isa = XCConfigurationList;
			buildConfigurations = (
				D70D5F6F24B0641800675E89 /* Debug */,
				D70D5F7024B0641800675E89 /* Release */,
			);
			defaultConfigurationIsVisible = 0;
			defaultConfigurationName = Release;
		};
/* End XCConfigurationList section */
	};
	rootObject = D70D5F3624B0641400675E89 /* Project object */;
}
